// !$*UTF8*$!
{
	archiveVersion = 1;
	classes = {
	};
	objectVersion = 46;
	objects = {

/* Begin PBXBuildFile section */
		831DD4FF16A5199300711DAD /* Dao.m in Sources */ = {isa = PBXBuildFile; fileRef = 831DD44016A5199300711DAD /* Dao.m */; };
		831DD50016A5199300711DAD /* RequestStatus.m in Sources */ = {isa = PBXBuildFile; fileRef = 831DD44216A5199300711DAD /* RequestStatus.m */; };
		831DD50116A5199300711DAD /* TableCell.m in Sources */ = {isa = PBXBuildFile; fileRef = 831DD44416A5199300711DAD /* TableCell.m */; };
		831DD50216A5199300711DAD /* TableView.m in Sources */ = {isa = PBXBuildFile; fileRef = 831DD44616A5199300711DAD /* TableView.m */; };
		831DD50316A5199300711DAD /* BCommon.m in Sources */ = {isa = PBXBuildFile; fileRef = 831DD44816A5199300711DAD /* BCommon.m */; };
		831DD51916A5199300711DAD /* NSArray+x.m in Sources */ = {isa = PBXBuildFile; fileRef = 831DD47E16A5199300711DAD /* NSArray+x.m */; };
		831DD51A16A5199300711DAD /* NSDate+x.m in Sources */ = {isa = PBXBuildFile; fileRef = 831DD48016A5199300711DAD /* NSDate+x.m */; };
		831DD51B16A5199300711DAD /* NSDictionary+x.m in Sources */ = {isa = PBXBuildFile; fileRef = 831DD48216A5199300711DAD /* NSDictionary+x.m */; };
		831DD51C16A5199300711DAD /* NSMutableData+x.m in Sources */ = {isa = PBXBuildFile; fileRef = 831DD48416A5199300711DAD /* NSMutableData+x.m */; };
		831DD51D16A5199300711DAD /* NSNull+x.m in Sources */ = {isa = PBXBuildFile; fileRef = 831DD48616A5199300711DAD /* NSNull+x.m */; };
		831DD51E16A5199300711DAD /* NSString+x.m in Sources */ = {isa = PBXBuildFile; fileRef = 831DD48816A5199300711DAD /* NSString+x.m */; };
		831DD51F16A5199300711DAD /* UIColor+x.m in Sources */ = {isa = PBXBuildFile; fileRef = 831DD48A16A5199300711DAD /* UIColor+x.m */; };
		831DD52016A5199300711DAD /* UIImage+x.m in Sources */ = {isa = PBXBuildFile; fileRef = 831DD48C16A5199300711DAD /* UIImage+x.m */; };
		831DD52116A5199300711DAD /* UIImageView+cache.m in Sources */ = {isa = PBXBuildFile; fileRef = 831DD48E16A5199300711DAD /* UIImageView+cache.m */; };
		831DD52216A5199300711DAD /* UINavigationBar+x.m in Sources */ = {isa = PBXBuildFile; fileRef = 831DD49016A5199300711DAD /* UINavigationBar+x.m */; };
		831DD52316A5199300711DAD /* UIWebView+x.m in Sources */ = {isa = PBXBuildFile; fileRef = 831DD49216A5199300711DAD /* UIWebView+x.m */; };
		831DD52416A5199300711DAD /* Api.m in Sources */ = {isa = PBXBuildFile; fileRef = 831DD49516A5199300711DAD /* Api.m */; };
		831DD52516A5199300711DAD /* AppConf.m in Sources */ = {isa = PBXBuildFile; fileRef = 831DD49716A5199300711DAD /* AppConf.m */; };
		831DD52616A5199300711DAD /* G.m in Sources */ = {isa = PBXBuildFile; fileRef = 831DD49916A5199300711DAD /* G.m */; };
		831DD52716A5199300711DAD /* GUI.m in Sources */ = {isa = PBXBuildFile; fileRef = 831DD49C16A5199300711DAD /* GUI.m */; };
		831DD52816A5199300711DAD /* BQueue.m in Sources */ = {isa = PBXBuildFile; fileRef = 831DD49F16A5199300711DAD /* BQueue.m */; };
		831DD52916A5199300711DAD /* DBCache.m in Sources */ = {isa = PBXBuildFile; fileRef = 831DD4A116A5199300711DAD /* DBCache.m */; };
		831DD52A16A5199300711DAD /* BEnumerator.m in Sources */ = {isa = PBXBuildFile; fileRef = 831DD4A416A5199300711DAD /* BEnumerator.m */; };
		831DD53116A5199300711DAD /* pinyin.c in Sources */ = {isa = PBXBuildFile; fileRef = 831DD4B116A5199300711DAD /* pinyin.c */; };
		831DD53216A5199300711DAD /* TabBarMoreViewController.m in Sources */ = {isa = PBXBuildFile; fileRef = 831DD4B416A5199300711DAD /* TabBarMoreViewController.m */; };
		831DD53816A5199300711DAD /* XScrollView.m in Sources */ = {isa = PBXBuildFile; fileRef = 831DD4C016A5199300711DAD /* XScrollView.m */; };
		831DD53916A5199300711DAD /* XUIImageView.m in Sources */ = {isa = PBXBuildFile; fileRef = 831DD4C216A5199300711DAD /* XUIImageView.m */; };
		831DD53A16A5199300711DAD /* XUILabel.m in Sources */ = {isa = PBXBuildFile; fileRef = 831DD4C416A5199300711DAD /* XUILabel.m */; };
		831DD53B16A5199300711DAD /* XUIViewController.m in Sources */ = {isa = PBXBuildFile; fileRef = 831DD4C616A5199300711DAD /* XUIViewController.m */; };
		831DD53C16A5199300711DAD /* XUIWebView.m in Sources */ = {isa = PBXBuildFile; fileRef = 831DD4C816A5199300711DAD /* XUIWebView.m */; };
		831DD53D16A5199300711DAD /* BCalloutMapAnnotationView.m in Sources */ = {isa = PBXBuildFile; fileRef = 831DD4CB16A5199300711DAD /* BCalloutMapAnnotationView.m */; };
		831DD53E16A5199300711DAD /* BMapAnnotation.m in Sources */ = {isa = PBXBuildFile; fileRef = 831DD4CD16A5199300711DAD /* BMapAnnotation.m */; };
		831DD53F16A5199300711DAD /* BMapLocation.m in Sources */ = {isa = PBXBuildFile; fileRef = 831DD4CF16A5199300711DAD /* BMapLocation.m */; };
		831DD54016A5199300711DAD /* CalloutMapAnnotationView.m in Sources */ = {isa = PBXBuildFile; fileRef = 831DD4D116A5199300711DAD /* CalloutMapAnnotationView.m */; };
		831DD54116A5199300711DAD /* MKMapView+x.m in Sources */ = {isa = PBXBuildFile; fileRef = 831DD4D316A5199300711DAD /* MKMapView+x.m */; };
		831DD54216A5199300711DAD /* AsyncLoader.m in Sources */ = {isa = PBXBuildFile; fileRef = 831DD4D616A5199300711DAD /* AsyncLoader.m */; };
		831DD54316A5199300711DAD /* NetChecker.m in Sources */ = {isa = PBXBuildFile; fileRef = 831DD4D816A5199300711DAD /* NetChecker.m */; };
		831DD54416A5199300711DAD /* BDropMenu.m in Sources */ = {isa = PBXBuildFile; fileRef = 831DD4DB16A5199300711DAD /* BDropMenu.m */; };
		831DD54516A5199300711DAD /* BDropTitleView.m in Sources */ = {isa = PBXBuildFile; fileRef = 831DD4DD16A5199300711DAD /* BDropTitleView.m */; };
		831DD54616A5199300711DAD /* BImageView.m in Sources */ = {isa = PBXBuildFile; fileRef = 831DD4DF16A5199300711DAD /* BImageView.m */; };
		831DD54716A5199300711DAD /* BIndicator.m in Sources */ = {isa = PBXBuildFile; fileRef = 831DD4E116A5199300711DAD /* BIndicator.m */; };
		831DD54816A5199300711DAD /* BLineView.m in Sources */ = {isa = PBXBuildFile; fileRef = 831DD4E316A5199300711DAD /* BLineView.m */; };
		831DD54916A5199300711DAD /* BPhotoScrollView.m in Sources */ = {isa = PBXBuildFile; fileRef = 831DD4E516A5199300711DAD /* BPhotoScrollView.m */; };
		831DD54A16A5199300711DAD /* BProgressBar.m in Sources */ = {isa = PBXBuildFile; fileRef = 831DD4E716A5199300711DAD /* BProgressBar.m */; };
		831DD54B16A5199300711DAD /* BrowserController.m in Sources */ = {isa = PBXBuildFile; fileRef = 831DD4E916A5199300711DAD /* BrowserController.m */; };
		831DD54C16A5199300711DAD /* BTabBgView.m in Sources */ = {isa = PBXBuildFile; fileRef = 831DD4EB16A5199300711DAD /* BTabBgView.m */; };
		831DD54D16A5199300711DAD /* BTableDragView.m in Sources */ = {isa = PBXBuildFile; fileRef = 831DD4ED16A5199300711DAD /* BTableDragView.m */; };
		831DD54E16A5199300711DAD /* BTableLoadMoreView.m in Sources */ = {isa = PBXBuildFile; fileRef = 831DD4EF16A5199300711DAD /* BTableLoadMoreView.m */; };
		831DD54F16A5199300711DAD /* BToolBar.m in Sources */ = {isa = PBXBuildFile; fileRef = 831DD4F116A5199300711DAD /* BToolBar.m */; };
		831DD55016A5199300711DAD /* XUIWebView.m in Sources */ = {isa = PBXBuildFile; fileRef = 831DD4F316A5199300711DAD /* XUIWebView.m */; };
		831DD55116A5199300711DAD /* UIUtils.m in Sources */ = {isa = PBXBuildFile; fileRef = 831DD4F616A5199300711DAD /* UIUtils.m */; };
		831DD55216A5199300711DAD /* Utils.m in Sources */ = {isa = PBXBuildFile; fileRef = 831DD4F816A5199300711DAD /* Utils.m */; };
		831DD55316A5199300711DAD /* CacheURLProtocol.m in Sources */ = {isa = PBXBuildFile; fileRef = 831DD4FB16A5199300711DAD /* CacheURLProtocol.m */; };
		831DD55416A5199300711DAD /* GTMBase64.m in Sources */ = {isa = PBXBuildFile; fileRef = 831DD4FD16A5199300711DAD /* GTMBase64.m */; };
		83851CCA169D884200451E23 /* Foundation.framework in Frameworks */ = {isa = PBXBuildFile; fileRef = 83851CC9169D884200451E23 /* Foundation.framework */; };
		83851CD9169D884200451E23 /* SenTestingKit.framework in Frameworks */ = {isa = PBXBuildFile; fileRef = 83851CD8169D884200451E23 /* SenTestingKit.framework */; };
		83851CDB169D884200451E23 /* UIKit.framework in Frameworks */ = {isa = PBXBuildFile; fileRef = 83851CDA169D884200451E23 /* UIKit.framework */; };
		83851CDC169D884200451E23 /* Foundation.framework in Frameworks */ = {isa = PBXBuildFile; fileRef = 83851CC9169D884200451E23 /* Foundation.framework */; };
		83851CDF169D884200451E23 /* libBCommon.a in Frameworks */ = {isa = PBXBuildFile; fileRef = 83851CC6169D884200451E23 /* libBCommon.a */; };
		83851CE5169D884200451E23 /* InfoPlist.strings in Resources */ = {isa = PBXBuildFile; fileRef = 83851CE3169D884200451E23 /* InfoPlist.strings */; };
		83851CE8169D884300451E23 /* BCommonTests.m in Sources */ = {isa = PBXBuildFile; fileRef = 83851CE7169D884300451E23 /* BCommonTests.m */; };
		83ABB09616F9C35900A02B37 /* UIButton+x.m in Sources */ = {isa = PBXBuildFile; fileRef = 83ABB09516F9C35900A02B37 /* UIButton+x.m */; };
		F6531D8DB80C4735A8761FFD /* libPods.a in Frameworks */ = {isa = PBXBuildFile; fileRef = 7DFDA534FC97413A927CC623 /* libPods.a */; };
/* End PBXBuildFile section */

/* Begin PBXContainerItemProxy section */
		83851CDD169D884200451E23 /* PBXContainerItemProxy */ = {
			isa = PBXContainerItemProxy;
			containerPortal = 83851CBD169D884200451E23 /* Project object */;
			proxyType = 1;
			remoteGlobalIDString = 83851CC5169D884200451E23;
			remoteInfo = BCommon;
		};
/* End PBXContainerItemProxy section */

/* Begin PBXCopyFilesBuildPhase section */
		83851CC4169D884200451E23 /* CopyFiles */ = {
			isa = PBXCopyFilesBuildPhase;
			buildActionMask = 2147483647;
			dstPath = "include/${PRODUCT_NAME}";
			dstSubfolderSpec = 16;
			files = (
			);
			runOnlyForDeploymentPostprocessing = 0;
		};
/* End PBXCopyFilesBuildPhase section */

/* Begin PBXFileReference section */
		4256CEAE34E94BCBB0C8F9C8 /* Pods.xcconfig */ = {isa = PBXFileReference; includeInIndex = 1; lastKnownFileType = text.xcconfig; name = Pods.xcconfig; path = Pods/Pods.xcconfig; sourceTree = SOURCE_ROOT; };
		7DFDA534FC97413A927CC623 /* libPods.a */ = {isa = PBXFileReference; explicitFileType = archive.ar; includeInIndex = 0; path = libPods.a; sourceTree = BUILT_PRODUCTS_DIR; };
		831DD43F16A5199300711DAD /* Dao.h */ = {isa = PBXFileReference; fileEncoding = 4; lastKnownFileType = sourcecode.c.h; path = Dao.h; sourceTree = "<group>"; };
		831DD44016A5199300711DAD /* Dao.m */ = {isa = PBXFileReference; fileEncoding = 4; lastKnownFileType = sourcecode.c.objc; path = Dao.m; sourceTree = "<group>"; };
		831DD44116A5199300711DAD /* RequestStatus.h */ = {isa = PBXFileReference; fileEncoding = 4; lastKnownFileType = sourcecode.c.h; path = RequestStatus.h; sourceTree = "<group>"; };
		831DD44216A5199300711DAD /* RequestStatus.m */ = {isa = PBXFileReference; fileEncoding = 4; lastKnownFileType = sourcecode.c.objc; path = RequestStatus.m; sourceTree = "<group>"; };
		831DD44316A5199300711DAD /* TableCell.h */ = {isa = PBXFileReference; fileEncoding = 4; lastKnownFileType = sourcecode.c.h; path = TableCell.h; sourceTree = "<group>"; };
		831DD44416A5199300711DAD /* TableCell.m */ = {isa = PBXFileReference; fileEncoding = 4; lastKnownFileType = sourcecode.c.objc; path = TableCell.m; sourceTree = "<group>"; };
		831DD44516A5199300711DAD /* TableView.h */ = {isa = PBXFileReference; fileEncoding = 4; lastKnownFileType = sourcecode.c.h; path = TableView.h; sourceTree = "<group>"; };
		831DD44616A5199300711DAD /* TableView.m */ = {isa = PBXFileReference; fileEncoding = 4; lastKnownFileType = sourcecode.c.objc; path = TableView.m; sourceTree = "<group>"; };
		831DD44716A5199300711DAD /* BCommon.h */ = {isa = PBXFileReference; fileEncoding = 4; lastKnownFileType = sourcecode.c.h; path = BCommon.h; sourceTree = "<group>"; };
		831DD44816A5199300711DAD /* BCommon.m */ = {isa = PBXFileReference; fileEncoding = 4; lastKnownFileType = sourcecode.c.objc; path = BCommon.m; sourceTree = "<group>"; };
		831DD47D16A5199300711DAD /* NSArray+x.h */ = {isa = PBXFileReference; fileEncoding = 4; lastKnownFileType = sourcecode.c.h; path = "NSArray+x.h"; sourceTree = "<group>"; };
		831DD47E16A5199300711DAD /* NSArray+x.m */ = {isa = PBXFileReference; fileEncoding = 4; lastKnownFileType = sourcecode.c.objc; path = "NSArray+x.m"; sourceTree = "<group>"; };
		831DD47F16A5199300711DAD /* NSDate+x.h */ = {isa = PBXFileReference; fileEncoding = 4; lastKnownFileType = sourcecode.c.h; path = "NSDate+x.h"; sourceTree = "<group>"; };
		831DD48016A5199300711DAD /* NSDate+x.m */ = {isa = PBXFileReference; fileEncoding = 4; lastKnownFileType = sourcecode.c.objc; path = "NSDate+x.m"; sourceTree = "<group>"; };
		831DD48116A5199300711DAD /* NSDictionary+x.h */ = {isa = PBXFileReference; fileEncoding = 4; lastKnownFileType = sourcecode.c.h; path = "NSDictionary+x.h"; sourceTree = "<group>"; };
		831DD48216A5199300711DAD /* NSDictionary+x.m */ = {isa = PBXFileReference; fileEncoding = 4; lastKnownFileType = sourcecode.c.objc; path = "NSDictionary+x.m"; sourceTree = "<group>"; };
		831DD48316A5199300711DAD /* NSMutableData+x.h */ = {isa = PBXFileReference; fileEncoding = 4; lastKnownFileType = sourcecode.c.h; path = "NSMutableData+x.h"; sourceTree = "<group>"; };
		831DD48416A5199300711DAD /* NSMutableData+x.m */ = {isa = PBXFileReference; fileEncoding = 4; lastKnownFileType = sourcecode.c.objc; path = "NSMutableData+x.m"; sourceTree = "<group>"; };
		831DD48516A5199300711DAD /* NSNull+x.h */ = {isa = PBXFileReference; fileEncoding = 4; lastKnownFileType = sourcecode.c.h; path = "NSNull+x.h"; sourceTree = "<group>"; };
		831DD48616A5199300711DAD /* NSNull+x.m */ = {isa = PBXFileReference; fileEncoding = 4; lastKnownFileType = sourcecode.c.objc; path = "NSNull+x.m"; sourceTree = "<group>"; };
		831DD48716A5199300711DAD /* NSString+x.h */ = {isa = PBXFileReference; fileEncoding = 4; lastKnownFileType = sourcecode.c.h; path = "NSString+x.h"; sourceTree = "<group>"; };
		831DD48816A5199300711DAD /* NSString+x.m */ = {isa = PBXFileReference; fileEncoding = 4; lastKnownFileType = sourcecode.c.objc; path = "NSString+x.m"; sourceTree = "<group>"; };
		831DD48916A5199300711DAD /* UIColor+x.h */ = {isa = PBXFileReference; fileEncoding = 4; lastKnownFileType = sourcecode.c.h; path = "UIColor+x.h"; sourceTree = "<group>"; };
		831DD48A16A5199300711DAD /* UIColor+x.m */ = {isa = PBXFileReference; fileEncoding = 4; lastKnownFileType = sourcecode.c.objc; path = "UIColor+x.m"; sourceTree = "<group>"; };
		831DD48B16A5199300711DAD /* UIImage+x.h */ = {isa = PBXFileReference; fileEncoding = 4; lastKnownFileType = sourcecode.c.h; path = "UIImage+x.h"; sourceTree = "<group>"; };
		831DD48C16A5199300711DAD /* UIImage+x.m */ = {isa = PBXFileReference; fileEncoding = 4; lastKnownFileType = sourcecode.c.objc; path = "UIImage+x.m"; sourceTree = "<group>"; };
		831DD48D16A5199300711DAD /* UIImageView+cache.h */ = {isa = PBXFileReference; fileEncoding = 4; lastKnownFileType = sourcecode.c.h; path = "UIImageView+cache.h"; sourceTree = "<group>"; };
		831DD48E16A5199300711DAD /* UIImageView+cache.m */ = {isa = PBXFileReference; fileEncoding = 4; lastKnownFileType = sourcecode.c.objc; path = "UIImageView+cache.m"; sourceTree = "<group>"; };
		831DD48F16A5199300711DAD /* UINavigationBar+x.h */ = {isa = PBXFileReference; fileEncoding = 4; lastKnownFileType = sourcecode.c.h; path = "UINavigationBar+x.h"; sourceTree = "<group>"; };
		831DD49016A5199300711DAD /* UINavigationBar+x.m */ = {isa = PBXFileReference; fileEncoding = 4; lastKnownFileType = sourcecode.c.objc; path = "UINavigationBar+x.m"; sourceTree = "<group>"; };
		831DD49116A5199300711DAD /* UIWebView+x.h */ = {isa = PBXFileReference; fileEncoding = 4; lastKnownFileType = sourcecode.c.h; path = "UIWebView+x.h"; sourceTree = "<group>"; };
		831DD49216A5199300711DAD /* UIWebView+x.m */ = {isa = PBXFileReference; fileEncoding = 4; lastKnownFileType = sourcecode.c.objc; path = "UIWebView+x.m"; sourceTree = "<group>"; };
		831DD49416A5199300711DAD /* Api.h */ = {isa = PBXFileReference; fileEncoding = 4; lastKnownFileType = sourcecode.c.h; path = Api.h; sourceTree = "<group>"; };
		831DD49516A5199300711DAD /* Api.m */ = {isa = PBXFileReference; fileEncoding = 4; lastKnownFileType = sourcecode.c.objc; path = Api.m; sourceTree = "<group>"; };
		831DD49616A5199300711DAD /* AppConf.h */ = {isa = PBXFileReference; fileEncoding = 4; lastKnownFileType = sourcecode.c.h; path = AppConf.h; sourceTree = "<group>"; };
		831DD49716A5199300711DAD /* AppConf.m */ = {isa = PBXFileReference; fileEncoding = 4; lastKnownFileType = sourcecode.c.objc; path = AppConf.m; sourceTree = "<group>"; };
		831DD49816A5199300711DAD /* G.h */ = {isa = PBXFileReference; fileEncoding = 4; lastKnownFileType = sourcecode.c.h; path = G.h; sourceTree = "<group>"; };
		831DD49916A5199300711DAD /* G.m */ = {isa = PBXFileReference; fileEncoding = 4; lastKnownFileType = sourcecode.c.objc; path = G.m; sourceTree = "<group>"; };
		831DD49A16A5199300711DAD /* GString.h */ = {isa = PBXFileReference; fileEncoding = 4; lastKnownFileType = sourcecode.c.h; path = GString.h; sourceTree = "<group>"; };
		831DD49B16A5199300711DAD /* GUI.h */ = {isa = PBXFileReference; fileEncoding = 4; lastKnownFileType = sourcecode.c.h; path = GUI.h; sourceTree = "<group>"; };
		831DD49C16A5199300711DAD /* GUI.m */ = {isa = PBXFileReference; fileEncoding = 4; lastKnownFileType = sourcecode.c.objc; path = GUI.m; sourceTree = "<group>"; };
		831DD49E16A5199300711DAD /* BQueue.h */ = {isa = PBXFileReference; fileEncoding = 4; lastKnownFileType = sourcecode.c.h; path = BQueue.h; sourceTree = "<group>"; };
		831DD49F16A5199300711DAD /* BQueue.m */ = {isa = PBXFileReference; fileEncoding = 4; lastKnownFileType = sourcecode.c.objc; path = BQueue.m; sourceTree = "<group>"; };
		831DD4A016A5199300711DAD /* DBCache.h */ = {isa = PBXFileReference; fileEncoding = 4; lastKnownFileType = sourcecode.c.h; path = DBCache.h; sourceTree = "<group>"; };
		831DD4A116A5199300711DAD /* DBCache.m */ = {isa = PBXFileReference; fileEncoding = 4; lastKnownFileType = sourcecode.c.objc; path = DBCache.m; sourceTree = "<group>"; };
		831DD4A316A5199300711DAD /* BEnumerator.h */ = {isa = PBXFileReference; fileEncoding = 4; lastKnownFileType = sourcecode.c.h; path = BEnumerator.h; sourceTree = "<group>"; };
		831DD4A416A5199300711DAD /* BEnumerator.m */ = {isa = PBXFileReference; fileEncoding = 4; lastKnownFileType = sourcecode.c.objc; path = BEnumerator.m; sourceTree = "<group>"; };
		831DD4B116A5199300711DAD /* pinyin.c */ = {isa = PBXFileReference; fileEncoding = 4; lastKnownFileType = sourcecode.c.c; path = pinyin.c; sourceTree = "<group>"; };
		831DD4B216A5199300711DAD /* pinyin.h */ = {isa = PBXFileReference; fileEncoding = 4; lastKnownFileType = sourcecode.c.h; path = pinyin.h; sourceTree = "<group>"; };
		831DD4B316A5199300711DAD /* TabBarMoreViewController.h */ = {isa = PBXFileReference; fileEncoding = 4; lastKnownFileType = sourcecode.c.h; path = TabBarMoreViewController.h; sourceTree = "<group>"; };
		831DD4B416A5199300711DAD /* TabBarMoreViewController.m */ = {isa = PBXFileReference; fileEncoding = 4; lastKnownFileType = sourcecode.c.objc; path = TabBarMoreViewController.m; sourceTree = "<group>"; };
		831DD4BF16A5199300711DAD /* XScrollView.h */ = {isa = PBXFileReference; fileEncoding = 4; lastKnownFileType = sourcecode.c.h; path = XScrollView.h; sourceTree = "<group>"; };
		831DD4C016A5199300711DAD /* XScrollView.m */ = {isa = PBXFileReference; fileEncoding = 4; lastKnownFileType = sourcecode.c.objc; path = XScrollView.m; sourceTree = "<group>"; };
		831DD4C116A5199300711DAD /* XUIImageView.h */ = {isa = PBXFileReference; fileEncoding = 4; lastKnownFileType = sourcecode.c.h; path = XUIImageView.h; sourceTree = "<group>"; };
		831DD4C216A5199300711DAD /* XUIImageView.m */ = {isa = PBXFileReference; fileEncoding = 4; lastKnownFileType = sourcecode.c.objc; path = XUIImageView.m; sourceTree = "<group>"; };
		831DD4C316A5199300711DAD /* XUILabel.h */ = {isa = PBXFileReference; fileEncoding = 4; lastKnownFileType = sourcecode.c.h; path = XUILabel.h; sourceTree = "<group>"; };
		831DD4C416A5199300711DAD /* XUILabel.m */ = {isa = PBXFileReference; fileEncoding = 4; lastKnownFileType = sourcecode.c.objc; path = XUILabel.m; sourceTree = "<group>"; };
		831DD4C516A5199300711DAD /* XUIViewController.h */ = {isa = PBXFileReference; fileEncoding = 4; lastKnownFileType = sourcecode.c.h; path = XUIViewController.h; sourceTree = "<group>"; };
		831DD4C616A5199300711DAD /* XUIViewController.m */ = {isa = PBXFileReference; fileEncoding = 4; lastKnownFileType = sourcecode.c.objc; path = XUIViewController.m; sourceTree = "<group>"; };
		831DD4C716A5199300711DAD /* XUIWebView.h */ = {isa = PBXFileReference; fileEncoding = 4; lastKnownFileType = sourcecode.c.h; path = XUIWebView.h; sourceTree = "<group>"; };
		831DD4C816A5199300711DAD /* XUIWebView.m */ = {isa = PBXFileReference; fileEncoding = 4; lastKnownFileType = sourcecode.c.objc; path = XUIWebView.m; sourceTree = "<group>"; };
		831DD4CA16A5199300711DAD /* BCalloutMapAnnotationView.h */ = {isa = PBXFileReference; fileEncoding = 4; lastKnownFileType = sourcecode.c.h; path = BCalloutMapAnnotationView.h; sourceTree = "<group>"; };
		831DD4CB16A5199300711DAD /* BCalloutMapAnnotationView.m */ = {isa = PBXFileReference; fileEncoding = 4; lastKnownFileType = sourcecode.c.objc; path = BCalloutMapAnnotationView.m; sourceTree = "<group>"; };
		831DD4CC16A5199300711DAD /* BMapAnnotation.h */ = {isa = PBXFileReference; fileEncoding = 4; lastKnownFileType = sourcecode.c.h; path = BMapAnnotation.h; sourceTree = "<group>"; };
		831DD4CD16A5199300711DAD /* BMapAnnotation.m */ = {isa = PBXFileReference; fileEncoding = 4; lastKnownFileType = sourcecode.c.objc; path = BMapAnnotation.m; sourceTree = "<group>"; };
		831DD4CE16A5199300711DAD /* BMapLocation.h */ = {isa = PBXFileReference; fileEncoding = 4; lastKnownFileType = sourcecode.c.h; path = BMapLocation.h; sourceTree = "<group>"; };
		831DD4CF16A5199300711DAD /* BMapLocation.m */ = {isa = PBXFileReference; fileEncoding = 4; lastKnownFileType = sourcecode.c.objc; path = BMapLocation.m; sourceTree = "<group>"; };
		831DD4D016A5199300711DAD /* CalloutMapAnnotationView.h */ = {isa = PBXFileReference; fileEncoding = 4; lastKnownFileType = sourcecode.c.h; path = CalloutMapAnnotationView.h; sourceTree = "<group>"; };
		831DD4D116A5199300711DAD /* CalloutMapAnnotationView.m */ = {isa = PBXFileReference; fileEncoding = 4; lastKnownFileType = sourcecode.c.objc; path = CalloutMapAnnotationView.m; sourceTree = "<group>"; };
		831DD4D216A5199300711DAD /* MKMapView+x.h */ = {isa = PBXFileReference; fileEncoding = 4; lastKnownFileType = sourcecode.c.h; path = "MKMapView+x.h"; sourceTree = "<group>"; };
		831DD4D316A5199300711DAD /* MKMapView+x.m */ = {isa = PBXFileReference; fileEncoding = 4; lastKnownFileType = sourcecode.c.objc; path = "MKMapView+x.m"; sourceTree = "<group>"; };
		831DD4D516A5199300711DAD /* AsyncLoader.h */ = {isa = PBXFileReference; fileEncoding = 4; lastKnownFileType = sourcecode.c.h; path = AsyncLoader.h; sourceTree = "<group>"; };
		831DD4D616A5199300711DAD /* AsyncLoader.m */ = {isa = PBXFileReference; fileEncoding = 4; lastKnownFileType = sourcecode.c.objc; path = AsyncLoader.m; sourceTree = "<group>"; };
		831DD4D716A5199300711DAD /* NetChecker.h */ = {isa = PBXFileReference; fileEncoding = 4; lastKnownFileType = sourcecode.c.h; path = NetChecker.h; sourceTree = "<group>"; };
		831DD4D816A5199300711DAD /* NetChecker.m */ = {isa = PBXFileReference; fileEncoding = 4; lastKnownFileType = sourcecode.c.objc; path = NetChecker.m; sourceTree = "<group>"; };
		831DD4DA16A5199300711DAD /* BDropMenu.h */ = {isa = PBXFileReference; fileEncoding = 4; lastKnownFileType = sourcecode.c.h; path = BDropMenu.h; sourceTree = "<group>"; };
		831DD4DB16A5199300711DAD /* BDropMenu.m */ = {isa = PBXFileReference; fileEncoding = 4; lastKnownFileType = sourcecode.c.objc; path = BDropMenu.m; sourceTree = "<group>"; };
		831DD4DC16A5199300711DAD /* BDropTitleView.h */ = {isa = PBXFileReference; fileEncoding = 4; lastKnownFileType = sourcecode.c.h; path = BDropTitleView.h; sourceTree = "<group>"; };
		831DD4DD16A5199300711DAD /* BDropTitleView.m */ = {isa = PBXFileReference; fileEncoding = 4; lastKnownFileType = sourcecode.c.objc; path = BDropTitleView.m; sourceTree = "<group>"; };
		831DD4DE16A5199300711DAD /* BImageView.h */ = {isa = PBXFileReference; fileEncoding = 4; lastKnownFileType = sourcecode.c.h; path = BImageView.h; sourceTree = "<group>"; };
		831DD4DF16A5199300711DAD /* BImageView.m */ = {isa = PBXFileReference; fileEncoding = 4; lastKnownFileType = sourcecode.c.objc; path = BImageView.m; sourceTree = "<group>"; };
		831DD4E016A5199300711DAD /* BIndicator.h */ = {isa = PBXFileReference; fileEncoding = 4; lastKnownFileType = sourcecode.c.h; path = BIndicator.h; sourceTree = "<group>"; };
		831DD4E116A5199300711DAD /* BIndicator.m */ = {isa = PBXFileReference; fileEncoding = 4; lastKnownFileType = sourcecode.c.objc; path = BIndicator.m; sourceTree = "<group>"; };
		831DD4E216A5199300711DAD /* BLineView.h */ = {isa = PBXFileReference; fileEncoding = 4; lastKnownFileType = sourcecode.c.h; path = BLineView.h; sourceTree = "<group>"; };
		831DD4E316A5199300711DAD /* BLineView.m */ = {isa = PBXFileReference; fileEncoding = 4; lastKnownFileType = sourcecode.c.objc; path = BLineView.m; sourceTree = "<group>"; };
		831DD4E416A5199300711DAD /* BPhotoScrollView.h */ = {isa = PBXFileReference; fileEncoding = 4; lastKnownFileType = sourcecode.c.h; path = BPhotoScrollView.h; sourceTree = "<group>"; };
		831DD4E516A5199300711DAD /* BPhotoScrollView.m */ = {isa = PBXFileReference; fileEncoding = 4; lastKnownFileType = sourcecode.c.objc; path = BPhotoScrollView.m; sourceTree = "<group>"; };
		831DD4E616A5199300711DAD /* BProgressBar.h */ = {isa = PBXFileReference; fileEncoding = 4; lastKnownFileType = sourcecode.c.h; path = BProgressBar.h; sourceTree = "<group>"; };
		831DD4E716A5199300711DAD /* BProgressBar.m */ = {isa = PBXFileReference; fileEncoding = 4; lastKnownFileType = sourcecode.c.objc; path = BProgressBar.m; sourceTree = "<group>"; };
		831DD4E816A5199300711DAD /* BrowserController.h */ = {isa = PBXFileReference; fileEncoding = 4; lastKnownFileType = sourcecode.c.h; path = BrowserController.h; sourceTree = "<group>"; };
		831DD4E916A5199300711DAD /* BrowserController.m */ = {isa = PBXFileReference; fileEncoding = 4; lastKnownFileType = sourcecode.c.objc; path = BrowserController.m; sourceTree = "<group>"; };
		831DD4EA16A5199300711DAD /* BTabBgView.h */ = {isa = PBXFileReference; fileEncoding = 4; lastKnownFileType = sourcecode.c.h; path = BTabBgView.h; sourceTree = "<group>"; };
		831DD4EB16A5199300711DAD /* BTabBgView.m */ = {isa = PBXFileReference; fileEncoding = 4; lastKnownFileType = sourcecode.c.objc; path = BTabBgView.m; sourceTree = "<group>"; };
		831DD4EC16A5199300711DAD /* BTableDragView.h */ = {isa = PBXFileReference; fileEncoding = 4; lastKnownFileType = sourcecode.c.h; path = BTableDragView.h; sourceTree = "<group>"; };
		831DD4ED16A5199300711DAD /* BTableDragView.m */ = {isa = PBXFileReference; fileEncoding = 4; lastKnownFileType = sourcecode.c.objc; path = BTableDragView.m; sourceTree = "<group>"; };
		831DD4EE16A5199300711DAD /* BTableLoadMoreView.h */ = {isa = PBXFileReference; fileEncoding = 4; lastKnownFileType = sourcecode.c.h; path = BTableLoadMoreView.h; sourceTree = "<group>"; };
		831DD4EF16A5199300711DAD /* BTableLoadMoreView.m */ = {isa = PBXFileReference; fileEncoding = 4; lastKnownFileType = sourcecode.c.objc; path = BTableLoadMoreView.m; sourceTree = "<group>"; };
		831DD4F016A5199300711DAD /* BToolBar.h */ = {isa = PBXFileReference; fileEncoding = 4; lastKnownFileType = sourcecode.c.h; path = BToolBar.h; sourceTree = "<group>"; };
		831DD4F116A5199300711DAD /* BToolBar.m */ = {isa = PBXFileReference; fileEncoding = 4; lastKnownFileType = sourcecode.c.objc; path = BToolBar.m; sourceTree = "<group>"; };
		831DD4F216A5199300711DAD /* XUIWebView.h */ = {isa = PBXFileReference; fileEncoding = 4; lastKnownFileType = sourcecode.c.h; path = XUIWebView.h; sourceTree = "<group>"; };
		831DD4F316A5199300711DAD /* XUIWebView.m */ = {isa = PBXFileReference; fileEncoding = 4; lastKnownFileType = sourcecode.c.objc; path = XUIWebView.m; sourceTree = "<group>"; };
		831DD4F516A5199300711DAD /* UIUtils.h */ = {isa = PBXFileReference; fileEncoding = 4; lastKnownFileType = sourcecode.c.h; path = UIUtils.h; sourceTree = "<group>"; };
		831DD4F616A5199300711DAD /* UIUtils.m */ = {isa = PBXFileReference; fileEncoding = 4; lastKnownFileType = sourcecode.c.objc; path = UIUtils.m; sourceTree = "<group>"; };
		831DD4F716A5199300711DAD /* Utils.h */ = {isa = PBXFileReference; fileEncoding = 4; lastKnownFileType = sourcecode.c.h; path = Utils.h; sourceTree = "<group>"; };
		831DD4F816A5199300711DAD /* Utils.m */ = {isa = PBXFileReference; fileEncoding = 4; lastKnownFileType = sourcecode.c.objc; path = Utils.m; sourceTree = "<group>"; };
		831DD4FA16A5199300711DAD /* CacheURLProtocol.h */ = {isa = PBXFileReference; fileEncoding = 4; lastKnownFileType = sourcecode.c.h; path = CacheURLProtocol.h; sourceTree = "<group>"; };
		831DD4FB16A5199300711DAD /* CacheURLProtocol.m */ = {isa = PBXFileReference; fileEncoding = 4; lastKnownFileType = sourcecode.c.objc; path = CacheURLProtocol.m; sourceTree = "<group>"; };
		831DD4FC16A5199300711DAD /* GTMBase64.h */ = {isa = PBXFileReference; fileEncoding = 4; lastKnownFileType = sourcecode.c.h; path = GTMBase64.h; sourceTree = "<group>"; };
		831DD4FD16A5199300711DAD /* GTMBase64.m */ = {isa = PBXFileReference; fileEncoding = 4; lastKnownFileType = sourcecode.c.objc; path = GTMBase64.m; sourceTree = "<group>"; };
		831DD4FE16A5199300711DAD /* GTMDefines.h */ = {isa = PBXFileReference; fileEncoding = 4; lastKnownFileType = sourcecode.c.h; path = GTMDefines.h; sourceTree = "<group>"; };
		83851CC6169D884200451E23 /* libBCommon.a */ = {isa = PBXFileReference; explicitFileType = archive.ar; includeInIndex = 0; path = libBCommon.a; sourceTree = BUILT_PRODUCTS_DIR; };
		83851CC9169D884200451E23 /* Foundation.framework */ = {isa = PBXFileReference; includeInIndex = 1; lastKnownFileType = wrapper.framework; name = Foundation.framework; path = System/Library/Frameworks/Foundation.framework; sourceTree = SDKROOT; };
		83851CCD169D884200451E23 /* BCommon-Prefix.pch */ = {isa = PBXFileReference; lastKnownFileType = sourcecode.c.h; path = "BCommon-Prefix.pch"; sourceTree = "<group>"; };
		83851CD7169D884200451E23 /* BCommonTests.octest */ = {isa = PBXFileReference; explicitFileType = wrapper.cfbundle; includeInIndex = 0; path = BCommonTests.octest; sourceTree = BUILT_PRODUCTS_DIR; };
		83851CD8169D884200451E23 /* SenTestingKit.framework */ = {isa = PBXFileReference; lastKnownFileType = wrapper.framework; name = SenTestingKit.framework; path = Library/Frameworks/SenTestingKit.framework; sourceTree = DEVELOPER_DIR; };
		83851CDA169D884200451E23 /* UIKit.framework */ = {isa = PBXFileReference; lastKnownFileType = wrapper.framework; name = UIKit.framework; path = Library/Frameworks/UIKit.framework; sourceTree = DEVELOPER_DIR; };
		83851CE2169D884200451E23 /* BCommonTests-Info.plist */ = {isa = PBXFileReference; lastKnownFileType = text.plist.xml; path = "BCommonTests-Info.plist"; sourceTree = "<group>"; };
		83851CE4169D884200451E23 /* en */ = {isa = PBXFileReference; lastKnownFileType = text.plist.strings; name = en; path = en.lproj/InfoPlist.strings; sourceTree = "<group>"; };
		83851CE6169D884200451E23 /* BCommonTests.h */ = {isa = PBXFileReference; lastKnownFileType = sourcecode.c.h; path = BCommonTests.h; sourceTree = "<group>"; };
		83851CE7169D884300451E23 /* BCommonTests.m */ = {isa = PBXFileReference; lastKnownFileType = sourcecode.c.objc; path = BCommonTests.m; sourceTree = "<group>"; };
		83ABB09416F9C35900A02B37 /* UIButton+x.h */ = {isa = PBXFileReference; fileEncoding = 4; lastKnownFileType = sourcecode.c.h; path = "UIButton+x.h"; sourceTree = "<group>"; };
		83ABB09516F9C35900A02B37 /* UIButton+x.m */ = {isa = PBXFileReference; fileEncoding = 4; lastKnownFileType = sourcecode.c.objc; path = "UIButton+x.m"; sourceTree = "<group>"; };
/* End PBXFileReference section */

/* Begin PBXFrameworksBuildPhase section */
		83851CC3169D884200451E23 /* Frameworks */ = {
			isa = PBXFrameworksBuildPhase;
			buildActionMask = 2147483647;
			files = (
				83851CCA169D884200451E23 /* Foundation.framework in Frameworks */,
				F6531D8DB80C4735A8761FFD /* libPods.a in Frameworks */,
			);
			runOnlyForDeploymentPostprocessing = 0;
		};
		83851CD3169D884200451E23 /* Frameworks */ = {
			isa = PBXFrameworksBuildPhase;
			buildActionMask = 2147483647;
			files = (
				83851CD9169D884200451E23 /* SenTestingKit.framework in Frameworks */,
				83851CDB169D884200451E23 /* UIKit.framework in Frameworks */,
				83851CDC169D884200451E23 /* Foundation.framework in Frameworks */,
				83851CDF169D884200451E23 /* libBCommon.a in Frameworks */,
			);
			runOnlyForDeploymentPostprocessing = 0;
		};
/* End PBXFrameworksBuildPhase section */

/* Begin PBXGroup section */
		831DD43D16A5199300711DAD /* Classes */ = {
			isa = PBXGroup;
			children = (
				831DD43E16A5199300711DAD /* base */,
				831DD44716A5199300711DAD /* BCommon.h */,
				831DD44816A5199300711DAD /* BCommon.m */,
				831DD44916A5199300711DAD /* common */,
			);
			path = Classes;
			sourceTree = "<group>";
		};
		831DD43E16A5199300711DAD /* base */ = {
			isa = PBXGroup;
			children = (
				831DD43F16A5199300711DAD /* Dao.h */,
				831DD44016A5199300711DAD /* Dao.m */,
				831DD44116A5199300711DAD /* RequestStatus.h */,
				831DD44216A5199300711DAD /* RequestStatus.m */,
				831DD44316A5199300711DAD /* TableCell.h */,
				831DD44416A5199300711DAD /* TableCell.m */,
				831DD44516A5199300711DAD /* TableView.h */,
				831DD44616A5199300711DAD /* TableView.m */,
			);
			path = base;
			sourceTree = "<group>";
		};
		831DD44916A5199300711DAD /* common */ = {
			isa = PBXGroup;
			children = (
				831DD47C16A5199300711DAD /* categories */,
				831DD49316A5199300711DAD /* conf */,
				831DD49D16A5199300711DAD /* dao */,
				831DD4A216A5199300711DAD /* ext */,
				831DD4C916A5199300711DAD /* map */,
				831DD4D416A5199300711DAD /* network */,
				831DD4D916A5199300711DAD /* ui */,
				831DD4F416A5199300711DAD /* utils */,
				831DD4F916A5199300711DAD /* web */,
			);
			path = common;
			sourceTree = "<group>";
		};
		831DD47C16A5199300711DAD /* categories */ = {
			isa = PBXGroup;
			children = (
				831DD47D16A5199300711DAD /* NSArray+x.h */,
				831DD47E16A5199300711DAD /* NSArray+x.m */,
				831DD47F16A5199300711DAD /* NSDate+x.h */,
				831DD48016A5199300711DAD /* NSDate+x.m */,
				831DD48116A5199300711DAD /* NSDictionary+x.h */,
				831DD48216A5199300711DAD /* NSDictionary+x.m */,
				831DD48316A5199300711DAD /* NSMutableData+x.h */,
				831DD48416A5199300711DAD /* NSMutableData+x.m */,
				831DD48516A5199300711DAD /* NSNull+x.h */,
				831DD48616A5199300711DAD /* NSNull+x.m */,
				831DD48716A5199300711DAD /* NSString+x.h */,
				831DD48816A5199300711DAD /* NSString+x.m */,
				831DD48916A5199300711DAD /* UIColor+x.h */,
				831DD48A16A5199300711DAD /* UIColor+x.m */,
				831DD48B16A5199300711DAD /* UIImage+x.h */,
				831DD48C16A5199300711DAD /* UIImage+x.m */,
				831DD48D16A5199300711DAD /* UIImageView+cache.h */,
				831DD48E16A5199300711DAD /* UIImageView+cache.m */,
				831DD48F16A5199300711DAD /* UINavigationBar+x.h */,
				831DD49016A5199300711DAD /* UINavigationBar+x.m */,
				831DD49116A5199300711DAD /* UIWebView+x.h */,
				831DD49216A5199300711DAD /* UIWebView+x.m */,
			);
			path = categories;
			sourceTree = "<group>";
		};
		831DD49316A5199300711DAD /* conf */ = {
			isa = PBXGroup;
			children = (
				831DD49416A5199300711DAD /* Api.h */,
				831DD49516A5199300711DAD /* Api.m */,
				831DD49616A5199300711DAD /* AppConf.h */,
				831DD49716A5199300711DAD /* AppConf.m */,
				831DD49816A5199300711DAD /* G.h */,
				831DD49916A5199300711DAD /* G.m */,
				831DD49A16A5199300711DAD /* GString.h */,
				831DD49B16A5199300711DAD /* GUI.h */,
				831DD49C16A5199300711DAD /* GUI.m */,
			);
			path = conf;
			sourceTree = "<group>";
		};
		831DD49D16A5199300711DAD /* dao */ = {
			isa = PBXGroup;
			children = (
				831DD49E16A5199300711DAD /* BQueue.h */,
				831DD49F16A5199300711DAD /* BQueue.m */,
				831DD4A016A5199300711DAD /* DBCache.h */,
				831DD4A116A5199300711DAD /* DBCache.m */,
			);
			path = dao;
			sourceTree = "<group>";
		};
		831DD4A216A5199300711DAD /* ext */ = {
			isa = PBXGroup;
			children = (
				83ABB09416F9C35900A02B37 /* UIButton+x.h */,
				83ABB09516F9C35900A02B37 /* UIButton+x.m */,
				831DD4A316A5199300711DAD /* BEnumerator.h */,
				831DD4A416A5199300711DAD /* BEnumerator.m */,
				831DD4B116A5199300711DAD /* pinyin.c */,
				831DD4B216A5199300711DAD /* pinyin.h */,
				831DD4B316A5199300711DAD /* TabBarMoreViewController.h */,
				831DD4B416A5199300711DAD /* TabBarMoreViewController.m */,
				831DD4BF16A5199300711DAD /* XScrollView.h */,
				831DD4C016A5199300711DAD /* XScrollView.m */,
				831DD4C116A5199300711DAD /* XUIImageView.h */,
				831DD4C216A5199300711DAD /* XUIImageView.m */,
				831DD4C316A5199300711DAD /* XUILabel.h */,
				831DD4C416A5199300711DAD /* XUILabel.m */,
				831DD4C516A5199300711DAD /* XUIViewController.h */,
				831DD4C616A5199300711DAD /* XUIViewController.m */,
				831DD4C716A5199300711DAD /* XUIWebView.h */,
				831DD4C816A5199300711DAD /* XUIWebView.m */,
			);
			path = ext;
			sourceTree = "<group>";
		};
		831DD4C916A5199300711DAD /* map */ = {
			isa = PBXGroup;
			children = (
				831DD4CA16A5199300711DAD /* BCalloutMapAnnotationView.h */,
				831DD4CB16A5199300711DAD /* BCalloutMapAnnotationView.m */,
				831DD4CC16A5199300711DAD /* BMapAnnotation.h */,
				831DD4CD16A5199300711DAD /* BMapAnnotation.m */,
				831DD4CE16A5199300711DAD /* BMapLocation.h */,
				831DD4CF16A5199300711DAD /* BMapLocation.m */,
				831DD4D016A5199300711DAD /* CalloutMapAnnotationView.h */,
				831DD4D116A5199300711DAD /* CalloutMapAnnotationView.m */,
				831DD4D216A5199300711DAD /* MKMapView+x.h */,
				831DD4D316A5199300711DAD /* MKMapView+x.m */,
			);
			path = map;
			sourceTree = "<group>";
		};
		831DD4D416A5199300711DAD /* network */ = {
			isa = PBXGroup;
			children = (
				831DD4D516A5199300711DAD /* AsyncLoader.h */,
				831DD4D616A5199300711DAD /* AsyncLoader.m */,
				831DD4D716A5199300711DAD /* NetChecker.h */,
				831DD4D816A5199300711DAD /* NetChecker.m */,
			);
			path = network;
			sourceTree = "<group>";
		};
		831DD4D916A5199300711DAD /* ui */ = {
			isa = PBXGroup;
			children = (
				831DD4DA16A5199300711DAD /* BDropMenu.h */,
				831DD4DB16A5199300711DAD /* BDropMenu.m */,
				831DD4DC16A5199300711DAD /* BDropTitleView.h */,
				831DD4DD16A5199300711DAD /* BDropTitleView.m */,
				831DD4DE16A5199300711DAD /* BImageView.h */,
				831DD4DF16A5199300711DAD /* BImageView.m */,
				831DD4E016A5199300711DAD /* BIndicator.h */,
				831DD4E116A5199300711DAD /* BIndicator.m */,
				831DD4E216A5199300711DAD /* BLineView.h */,
				831DD4E316A5199300711DAD /* BLineView.m */,
				831DD4E416A5199300711DAD /* BPhotoScrollView.h */,
				831DD4E516A5199300711DAD /* BPhotoScrollView.m */,
				831DD4E616A5199300711DAD /* BProgressBar.h */,
				831DD4E716A5199300711DAD /* BProgressBar.m */,
				831DD4E816A5199300711DAD /* BrowserController.h */,
				831DD4E916A5199300711DAD /* BrowserController.m */,
				831DD4EA16A5199300711DAD /* BTabBgView.h */,
				831DD4EB16A5199300711DAD /* BTabBgView.m */,
				831DD4EC16A5199300711DAD /* BTableDragView.h */,
				831DD4ED16A5199300711DAD /* BTableDragView.m */,
				831DD4EE16A5199300711DAD /* BTableLoadMoreView.h */,
				831DD4EF16A5199300711DAD /* BTableLoadMoreView.m */,
				831DD4F016A5199300711DAD /* BToolBar.h */,
				831DD4F116A5199300711DAD /* BToolBar.m */,
				831DD4F216A5199300711DAD /* XUIWebView.h */,
				831DD4F316A5199300711DAD /* XUIWebView.m */,
			);
			path = ui;
			sourceTree = "<group>";
		};
		831DD4F416A5199300711DAD /* utils */ = {
			isa = PBXGroup;
			children = (
				831DD4F516A5199300711DAD /* UIUtils.h */,
				831DD4F616A5199300711DAD /* UIUtils.m */,
				831DD4F716A5199300711DAD /* Utils.h */,
				831DD4F816A5199300711DAD /* Utils.m */,
			);
			path = utils;
			sourceTree = "<group>";
		};
		831DD4F916A5199300711DAD /* web */ = {
			isa = PBXGroup;
			children = (
				831DD4FA16A5199300711DAD /* CacheURLProtocol.h */,
				831DD4FB16A5199300711DAD /* CacheURLProtocol.m */,
				831DD4FC16A5199300711DAD /* GTMBase64.h */,
				831DD4FD16A5199300711DAD /* GTMBase64.m */,
				831DD4FE16A5199300711DAD /* GTMDefines.h */,
			);
			path = web;
			sourceTree = "<group>";
		};
		83851CBB169D884200451E23 = {
			isa = PBXGroup;
			children = (
				83851CCB169D884200451E23 /* BCommon */,
				83851CE0169D884200451E23 /* BCommonTests */,
				83851CC8169D884200451E23 /* Frameworks */,
				83851CC7169D884200451E23 /* Products */,
				4256CEAE34E94BCBB0C8F9C8 /* Pods.xcconfig */,
			);
			sourceTree = "<group>";
		};
		83851CC7169D884200451E23 /* Products */ = {
			isa = PBXGroup;
			children = (
				83851CC6169D884200451E23 /* libBCommon.a */,
				83851CD7169D884200451E23 /* BCommonTests.octest */,
			);
			name = Products;
			sourceTree = "<group>";
		};
		83851CC8169D884200451E23 /* Frameworks */ = {
			isa = PBXGroup;
			children = (
				83851CC9169D884200451E23 /* Foundation.framework */,
				83851CD8169D884200451E23 /* SenTestingKit.framework */,
				83851CDA169D884200451E23 /* UIKit.framework */,
				7DFDA534FC97413A927CC623 /* libPods.a */,
			);
			name = Frameworks;
			sourceTree = "<group>";
		};
		83851CCB169D884200451E23 /* BCommon */ = {
			isa = PBXGroup;
			children = (
				831DD43D16A5199300711DAD /* Classes */,
				83851CCC169D884200451E23 /* Supporting Files */,
			);
			path = BCommon;
			sourceTree = "<group>";
		};
		83851CCC169D884200451E23 /* Supporting Files */ = {
			isa = PBXGroup;
			children = (
				83851CCD169D884200451E23 /* BCommon-Prefix.pch */,
			);
			name = "Supporting Files";
			sourceTree = "<group>";
		};
		83851CE0169D884200451E23 /* BCommonTests */ = {
			isa = PBXGroup;
			children = (
				83851CE6169D884200451E23 /* BCommonTests.h */,
				83851CE7169D884300451E23 /* BCommonTests.m */,
				83851CE1169D884200451E23 /* Supporting Files */,
			);
			path = BCommonTests;
			sourceTree = "<group>";
		};
		83851CE1169D884200451E23 /* Supporting Files */ = {
			isa = PBXGroup;
			children = (
				83851CE2169D884200451E23 /* BCommonTests-Info.plist */,
				83851CE3169D884200451E23 /* InfoPlist.strings */,
			);
			name = "Supporting Files";
			sourceTree = "<group>";
		};
/* End PBXGroup section */

/* Begin PBXNativeTarget section */
		83851CC5169D884200451E23 /* BCommon */ = {
			isa = PBXNativeTarget;
			buildConfigurationList = 83851CEB169D884300451E23 /* Build configuration list for PBXNativeTarget "BCommon" */;
			buildPhases = (
				83851CC2169D884200451E23 /* Sources */,
				83851CC3169D884200451E23 /* Frameworks */,
				83851CC4169D884200451E23 /* CopyFiles */,
				26FBD54A517940328B4A543E /* Copy Pods Resources */,
			);
			buildRules = (
			);
			dependencies = (
			);
			name = BCommon;
			productName = BCommon;
			productReference = 83851CC6169D884200451E23 /* libBCommon.a */;
			productType = "com.apple.product-type.library.static";
		};
		83851CD6169D884200451E23 /* BCommonTests */ = {
			isa = PBXNativeTarget;
			buildConfigurationList = 83851CEE169D884300451E23 /* Build configuration list for PBXNativeTarget "BCommonTests" */;
			buildPhases = (
				83851CD2169D884200451E23 /* Sources */,
				83851CD3169D884200451E23 /* Frameworks */,
				83851CD4169D884200451E23 /* Resources */,
				83851CD5169D884200451E23 /* ShellScript */,
			);
			buildRules = (
			);
			dependencies = (
				83851CDE169D884200451E23 /* PBXTargetDependency */,
			);
			name = BCommonTests;
			productName = BCommonTests;
			productReference = 83851CD7169D884200451E23 /* BCommonTests.octest */;
			productType = "com.apple.product-type.bundle";
		};
/* End PBXNativeTarget section */

/* Begin PBXProject section */
		83851CBD169D884200451E23 /* Project object */ = {
			isa = PBXProject;
			attributes = {
				LastUpgradeCheck = 0450;
				ORGANIZATIONNAME = baboy;
			};
			buildConfigurationList = 83851CC0169D884200451E23 /* Build configuration list for PBXProject "BCommon" */;
			compatibilityVersion = "Xcode 3.2";
			developmentRegion = English;
			hasScannedForEncodings = 0;
			knownRegions = (
				en,
			);
			mainGroup = 83851CBB169D884200451E23;
			productRefGroup = 83851CC7169D884200451E23 /* Products */;
			projectDirPath = "";
			projectRoot = "";
			targets = (
				83851CC5169D884200451E23 /* BCommon */,
				83851CD6169D884200451E23 /* BCommonTests */,
			);
		};
/* End PBXProject section */

/* Begin PBXResourcesBuildPhase section */
		83851CD4169D884200451E23 /* Resources */ = {
			isa = PBXResourcesBuildPhase;
			buildActionMask = 2147483647;
			files = (
				83851CE5169D884200451E23 /* InfoPlist.strings in Resources */,
			);
			runOnlyForDeploymentPostprocessing = 0;
		};
/* End PBXResourcesBuildPhase section */

/* Begin PBXShellScriptBuildPhase section */
		26FBD54A517940328B4A543E /* Copy Pods Resources */ = {
			isa = PBXShellScriptBuildPhase;
			buildActionMask = 2147483647;
			files = (
			);
			inputPaths = (
			);
			name = "Copy Pods Resources";
			outputPaths = (
			);
			runOnlyForDeploymentPostprocessing = 0;
			shellPath = /bin/sh;
			shellScript = "\"${SRCROOT}/Pods/Pods-resources.sh\"\n";
		};
		83851CD5169D884200451E23 /* ShellScript */ = {
			isa = PBXShellScriptBuildPhase;
			buildActionMask = 2147483647;
			files = (
			);
			inputPaths = (
			);
			outputPaths = (
			);
			runOnlyForDeploymentPostprocessing = 0;
			shellPath = /bin/sh;
			shellScript = "# Run the unit tests in this test bundle.\n\"${SYSTEM_DEVELOPER_DIR}/Tools/RunUnitTests\"\n";
		};
/* End PBXShellScriptBuildPhase section */

/* Begin PBXSourcesBuildPhase section */
		83851CC2169D884200451E23 /* Sources */ = {
			isa = PBXSourcesBuildPhase;
			buildActionMask = 2147483647;
			files = (
				831DD4FF16A5199300711DAD /* Dao.m in Sources */,
				831DD50016A5199300711DAD /* RequestStatus.m in Sources */,
				831DD50116A5199300711DAD /* TableCell.m in Sources */,
				831DD50216A5199300711DAD /* TableView.m in Sources */,
				831DD50316A5199300711DAD /* BCommon.m in Sources */,
				831DD51916A5199300711DAD /* NSArray+x.m in Sources */,
				831DD51A16A5199300711DAD /* NSDate+x.m in Sources */,
				831DD51B16A5199300711DAD /* NSDictionary+x.m in Sources */,
				831DD51C16A5199300711DAD /* NSMutableData+x.m in Sources */,
				831DD51D16A5199300711DAD /* NSNull+x.m in Sources */,
				831DD51E16A5199300711DAD /* NSString+x.m in Sources */,
				831DD51F16A5199300711DAD /* UIColor+x.m in Sources */,
				831DD52016A5199300711DAD /* UIImage+x.m in Sources */,
				831DD52116A5199300711DAD /* UIImageView+cache.m in Sources */,
				831DD52216A5199300711DAD /* UINavigationBar+x.m in Sources */,
				831DD52316A5199300711DAD /* UIWebView+x.m in Sources */,
				831DD52416A5199300711DAD /* Api.m in Sources */,
				831DD52516A5199300711DAD /* AppConf.m in Sources */,
				831DD52616A5199300711DAD /* G.m in Sources */,
				831DD52716A5199300711DAD /* GUI.m in Sources */,
				831DD52816A5199300711DAD /* BQueue.m in Sources */,
				831DD52916A5199300711DAD /* DBCache.m in Sources */,
				831DD52A16A5199300711DAD /* BEnumerator.m in Sources */,
				831DD53116A5199300711DAD /* pinyin.c in Sources */,
				831DD53216A5199300711DAD /* TabBarMoreViewController.m in Sources */,
				831DD53816A5199300711DAD /* XScrollView.m in Sources */,
				831DD53916A5199300711DAD /* XUIImageView.m in Sources */,
				831DD53A16A5199300711DAD /* XUILabel.m in Sources */,
				831DD53B16A5199300711DAD /* XUIViewController.m in Sources */,
				831DD53C16A5199300711DAD /* XUIWebView.m in Sources */,
				831DD53D16A5199300711DAD /* BCalloutMapAnnotationView.m in Sources */,
				831DD53E16A5199300711DAD /* BMapAnnotation.m in Sources */,
				831DD53F16A5199300711DAD /* BMapLocation.m in Sources */,
				831DD54016A5199300711DAD /* CalloutMapAnnotationView.m in Sources */,
				831DD54116A5199300711DAD /* MKMapView+x.m in Sources */,
				831DD54216A5199300711DAD /* AsyncLoader.m in Sources */,
				831DD54316A5199300711DAD /* NetChecker.m in Sources */,
				831DD54416A5199300711DAD /* BDropMenu.m in Sources */,
				831DD54516A5199300711DAD /* BDropTitleView.m in Sources */,
				831DD54616A5199300711DAD /* BImageView.m in Sources */,
				831DD54716A5199300711DAD /* BIndicator.m in Sources */,
				831DD54816A5199300711DAD /* BLineView.m in Sources */,
				831DD54916A5199300711DAD /* BPhotoScrollView.m in Sources */,
				831DD54A16A5199300711DAD /* BProgressBar.m in Sources */,
				831DD54B16A5199300711DAD /* BrowserController.m in Sources */,
				831DD54C16A5199300711DAD /* BTabBgView.m in Sources */,
				831DD54D16A5199300711DAD /* BTableDragView.m in Sources */,
				831DD54E16A5199300711DAD /* BTableLoadMoreView.m in Sources */,
				831DD54F16A5199300711DAD /* BToolBar.m in Sources */,
				831DD55016A5199300711DAD /* XUIWebView.m in Sources */,
				831DD55116A5199300711DAD /* UIUtils.m in Sources */,
				831DD55216A5199300711DAD /* Utils.m in Sources */,
				831DD55316A5199300711DAD /* CacheURLProtocol.m in Sources */,
				831DD55416A5199300711DAD /* GTMBase64.m in Sources */,
				83ABB09616F9C35900A02B37 /* UIButton+x.m in Sources */,
			);
			runOnlyForDeploymentPostprocessing = 0;
		};
		83851CD2169D884200451E23 /* Sources */ = {
			isa = PBXSourcesBuildPhase;
			buildActionMask = 2147483647;
			files = (
				83851CE8169D884300451E23 /* BCommonTests.m in Sources */,
			);
			runOnlyForDeploymentPostprocessing = 0;
		};
/* End PBXSourcesBuildPhase section */

/* Begin PBXTargetDependency section */
		83851CDE169D884200451E23 /* PBXTargetDependency */ = {
			isa = PBXTargetDependency;
			target = 83851CC5169D884200451E23 /* BCommon */;
			targetProxy = 83851CDD169D884200451E23 /* PBXContainerItemProxy */;
		};
/* End PBXTargetDependency section */

/* Begin PBXVariantGroup section */
		83851CE3169D884200451E23 /* InfoPlist.strings */ = {
			isa = PBXVariantGroup;
			children = (
				83851CE4169D884200451E23 /* en */,
			);
			name = InfoPlist.strings;
			sourceTree = "<group>";
		};
/* End PBXVariantGroup section */

/* Begin XCBuildConfiguration section */
		83851CE9169D884300451E23 /* Debug */ = {
			isa = XCBuildConfiguration;
			buildSettings = {
				ALWAYS_SEARCH_USER_PATHS = NO;
				CLANG_CXX_LANGUAGE_STANDARD = "gnu++0x";
				CLANG_CXX_LIBRARY = "libc++";
				CLANG_WARN_EMPTY_BODY = YES;
				CLANG_WARN__DUPLICATE_METHOD_MATCH = YES;
				COPY_PHASE_STRIP = NO;
				GCC_C_LANGUAGE_STANDARD = gnu99;
				GCC_DYNAMIC_NO_PIC = NO;
				GCC_OPTIMIZATION_LEVEL = 0;
				GCC_PREPROCESSOR_DEFINITIONS = (
					"DEBUG=1",
					"$(inherited)",
				);
				GCC_SYMBOLS_PRIVATE_EXTERN = NO;
				GCC_WARN_ABOUT_RETURN_TYPE = YES;
				GCC_WARN_UNINITIALIZED_AUTOS = YES;
				GCC_WARN_UNUSED_VARIABLE = YES;
				IPHONEOS_DEPLOYMENT_TARGET = 6.0;
				ONLY_ACTIVE_ARCH = YES;
				SDKROOT = iphoneos;
			};
			name = Debug;
		};
		83851CEA169D884300451E23 /* Release */ = {
			isa = XCBuildConfiguration;
			buildSettings = {
				ALWAYS_SEARCH_USER_PATHS = NO;
				CLANG_CXX_LANGUAGE_STANDARD = "gnu++0x";
				CLANG_CXX_LIBRARY = "libc++";
				CLANG_WARN_EMPTY_BODY = YES;
				CLANG_WARN__DUPLICATE_METHOD_MATCH = YES;
				COPY_PHASE_STRIP = YES;
				GCC_C_LANGUAGE_STANDARD = gnu99;
				GCC_WARN_ABOUT_RETURN_TYPE = YES;
				GCC_WARN_UNINITIALIZED_AUTOS = YES;
				GCC_WARN_UNUSED_VARIABLE = YES;
				IPHONEOS_DEPLOYMENT_TARGET = 6.0;
				SDKROOT = iphoneos;
				VALIDATE_PRODUCT = YES;
			};
			name = Release;
		};
		83851CEC169D884300451E23 /* Debug */ = {
			isa = XCBuildConfiguration;
			baseConfigurationReference = 4256CEAE34E94BCBB0C8F9C8 /* Pods.xcconfig */;
			buildSettings = {
				DSTROOT = /tmp/BCommon.dst;
				GCC_PRECOMPILE_PREFIX_HEADER = YES;
				GCC_PREFIX_HEADER = "BCommon/BCommon-Prefix.pch";
				OTHER_LDFLAGS = "-ObjC";
				PRODUCT_NAME = "$(TARGET_NAME)";
				SKIP_INSTALL = YES;
			};
			name = Debug;
		};
		83851CED169D884300451E23 /* Release */ = {
			isa = XCBuildConfiguration;
			baseConfigurationReference = 4256CEAE34E94BCBB0C8F9C8 /* Pods.xcconfig */;
			buildSettings = {
				DSTROOT = /tmp/BCommon.dst;
				GCC_PRECOMPILE_PREFIX_HEADER = YES;
				GCC_PREFIX_HEADER = "BCommon/BCommon-Prefix.pch";
				OTHER_LDFLAGS = "-ObjC";
				PRODUCT_NAME = "$(TARGET_NAME)";
				SKIP_INSTALL = YES;
			};
			name = Release;
		};
		83851CEF169D884300451E23 /* Debug */ = {
			isa = XCBuildConfiguration;
			buildSettings = {
				FRAMEWORK_SEARCH_PATHS = (
					"\"$(SDKROOT)/Developer/Library/Frameworks\"",
					"\"$(DEVELOPER_LIBRARY_DIR)/Frameworks\"",
				);
				GCC_PRECOMPILE_PREFIX_HEADER = YES;
				GCC_PREFIX_HEADER = "BCommon/BCommon-Prefix.pch";
				INFOPLIST_FILE = "BCommonTests/BCommonTests-Info.plist";
				PRODUCT_NAME = "$(TARGET_NAME)";
				WRAPPER_EXTENSION = octest;
			};
			name = Debug;
		};
		83851CF0169D884300451E23 /* Release */ = {
			isa = XCBuildConfiguration;
			buildSettings = {
				FRAMEWORK_SEARCH_PATHS = (
					"\"$(SDKROOT)/Developer/Library/Frameworks\"",
					"\"$(DEVELOPER_LIBRARY_DIR)/Frameworks\"",
				);
				GCC_PRECOMPILE_PREFIX_HEADER = YES;
				GCC_PREFIX_HEADER = "BCommon/BCommon-Prefix.pch";
				INFOPLIST_FILE = "BCommonTests/BCommonTests-Info.plist";
				PRODUCT_NAME = "$(TARGET_NAME)";
				WRAPPER_EXTENSION = octest;
			};
			name = Release;
		};
/* End XCBuildConfiguration section */

/* Begin XCConfigurationList section */
		83851CC0169D884200451E23 /* Build configuration list for PBXProject "BCommon" */ = {
			isa = XCConfigurationList;
			buildConfigurations = (
				83851CE9169D884300451E23 /* Debug */,
				83851CEA169D884300451E23 /* Release */,
			);
			defaultConfigurationIsVisible = 0;
			defaultConfigurationName = Release;
		};
		83851CEB169D884300451E23 /* Build configuration list for PBXNativeTarget "BCommon" */ = {
			isa = XCConfigurationList;
			buildConfigurations = (
				83851CEC169D884300451E23 /* Debug */,
				83851CED169D884300451E23 /* Release */,
			);
			defaultConfigurationIsVisible = 0;
			defaultConfigurationName = Release;
		};
		83851CEE169D884300451E23 /* Build configuration list for PBXNativeTarget "BCommonTests" */ = {
			isa = XCConfigurationList;
			buildConfigurations = (
				83851CEF169D884300451E23 /* Debug */,
				83851CF0169D884300451E23 /* Release */,
			);
			defaultConfigurationIsVisible = 0;
			defaultConfigurationName = Release;
		};
/* End XCConfigurationList section */
	};
	rootObject = 83851CBD169D884200451E23 /* Project object */;
}
