// !$*UTF8*$!
{
	archiveVersion = 1;
	classes = {
	};
	objectVersion = 46;
	objects = {

/* Begin PBXBuildFile section */
		83647BE41794D50D00C9E331 /* BMapPlace.m in Sources */ = {isa = PBXBuildFile; fileRef = 83647BE31794D50D00C9E331 /* BMapPlace.m */; };
		83851CCA169D884200451E23 /* Foundation.framework in Frameworks */ = {isa = PBXBuildFile; fileRef = 83851CC9169D884200451E23 /* Foundation.framework */; };
		83851CD9169D884200451E23 /* SenTestingKit.framework in Frameworks */ = {isa = PBXBuildFile; fileRef = 83851CD8169D884200451E23 /* SenTestingKit.framework */; };
		83851CDB169D884200451E23 /* UIKit.framework in Frameworks */ = {isa = PBXBuildFile; fileRef = 83851CDA169D884200451E23 /* UIKit.framework */; };
		83851CDC169D884200451E23 /* Foundation.framework in Frameworks */ = {isa = PBXBuildFile; fileRef = 83851CC9169D884200451E23 /* Foundation.framework */; };
		83851CDF169D884200451E23 /* libBCommon.a in Frameworks */ = {isa = PBXBuildFile; fileRef = 83851CC6169D884200451E23 /* libBCommon.a */; };
		83851CE5169D884200451E23 /* InfoPlist.strings in Resources */ = {isa = PBXBuildFile; fileRef = 83851CE3169D884200451E23 /* InfoPlist.strings */; };
		83851CE8169D884300451E23 /* BCommonTests.m in Sources */ = {isa = PBXBuildFile; fileRef = 83851CE7169D884300451E23 /* BCommonTests.m */; };
		83D7585E171F93ED006D33B6 /* BUser.m in Sources */ = {isa = PBXBuildFile; fileRef = 83D7585C171F93ED006D33B6 /* BUser.m */; };
		83DBE5E4171F901E00B283DC /* Dao.m in Sources */ = {isa = PBXBuildFile; fileRef = 83DBE561171F901E00B283DC /* Dao.m */; };
		83DBE5E5171F901E00B283DC /* BResponse.m in Sources */ = {isa = PBXBuildFile; fileRef = 83DBE563171F901E00B283DC /* BResponse.m */; };
		83DBE5E6171F901E00B283DC /* TableCell.m in Sources */ = {isa = PBXBuildFile; fileRef = 83DBE565171F901E00B283DC /* TableCell.m */; };
		83DBE5E7171F901E00B283DC /* TableView.m in Sources */ = {isa = PBXBuildFile; fileRef = 83DBE567171F901E00B283DC /* TableView.m */; };
		83DBE5E8171F901E00B283DC /* BCommon.m in Sources */ = {isa = PBXBuildFile; fileRef = 83DBE569171F901E00B283DC /* BCommon.m */; };
		83DBE5E9171F901E00B283DC /* NSArray+x.m in Sources */ = {isa = PBXBuildFile; fileRef = 83DBE56D171F901E00B283DC /* NSArray+x.m */; };
		83DBE5EA171F901E00B283DC /* NSData+x.m in Sources */ = {isa = PBXBuildFile; fileRef = 83DBE56F171F901E00B283DC /* NSData+x.m */; };
		83DBE5EB171F901E00B283DC /* NSDate+x.m in Sources */ = {isa = PBXBuildFile; fileRef = 83DBE571171F901E00B283DC /* NSDate+x.m */; };
		83DBE5EC171F901E00B283DC /* NSDictionary+x.m in Sources */ = {isa = PBXBuildFile; fileRef = 83DBE573171F901E00B283DC /* NSDictionary+x.m */; };
		83DBE5ED171F901E00B283DC /* NSMutableData+x.m in Sources */ = {isa = PBXBuildFile; fileRef = 83DBE575171F901E00B283DC /* NSMutableData+x.m */; };
		83DBE5EE171F901E00B283DC /* NSNull+x.m in Sources */ = {isa = PBXBuildFile; fileRef = 83DBE577171F901E00B283DC /* NSNull+x.m */; };
		83DBE5EF171F901E00B283DC /* NSString+x.m in Sources */ = {isa = PBXBuildFile; fileRef = 83DBE579171F901E00B283DC /* NSString+x.m */; };
		83DBE5F0171F901E00B283DC /* UIColor+x.m in Sources */ = {isa = PBXBuildFile; fileRef = 83DBE57B171F901E00B283DC /* UIColor+x.m */; };
		83DBE5F1171F901E00B283DC /* UIImage+x.m in Sources */ = {isa = PBXBuildFile; fileRef = 83DBE57D171F901E00B283DC /* UIImage+x.m */; };
		83DBE5F2171F901E00B283DC /* UIImageView+cache.m in Sources */ = {isa = PBXBuildFile; fileRef = 83DBE57F171F901E00B283DC /* UIImageView+cache.m */; };
		83DBE5F3171F901E00B283DC /* UINavigationBar+x.m in Sources */ = {isa = PBXBuildFile; fileRef = 83DBE581171F901E00B283DC /* UINavigationBar+x.m */; };
		83DBE5F4171F901E00B283DC /* UIWebView+x.m in Sources */ = {isa = PBXBuildFile; fileRef = 83DBE583171F901E00B283DC /* UIWebView+x.m */; };
		83DBE5F5171F901E00B283DC /* AppConf.m in Sources */ = {isa = PBXBuildFile; fileRef = 83DBE586171F901E00B283DC /* AppConf.m */; };
		83DBE5F6171F901E00B283DC /* BApi.m in Sources */ = {isa = PBXBuildFile; fileRef = 83DBE588171F901E00B283DC /* BApi.m */; };
		83DBE5F7171F901E00B283DC /* Global.m in Sources */ = {isa = PBXBuildFile; fileRef = 83DBE58A171F901E00B283DC /* Global.m */; };
		83DBE5F8171F901E00B283DC /* GUI.m in Sources */ = {isa = PBXBuildFile; fileRef = 83DBE58D171F901E00B283DC /* GUI.m */; };
		83DBE5F9171F901E00B283DC /* BQueue.m in Sources */ = {isa = PBXBuildFile; fileRef = 83DBE590171F901E00B283DC /* BQueue.m */; };
		83DBE5FA171F901E00B283DC /* DBCache.m in Sources */ = {isa = PBXBuildFile; fileRef = 83DBE592171F901E00B283DC /* DBCache.m */; };
		83DBE5FB171F901E00B283DC /* BEnumerator.m in Sources */ = {isa = PBXBuildFile; fileRef = 83DBE595171F901E00B283DC /* BEnumerator.m */; };
		83DBE5FC171F901E00B283DC /* pinyin.c in Sources */ = {isa = PBXBuildFile; fileRef = 83DBE596171F901E00B283DC /* pinyin.c */; };
		83DBE5FD171F901E00B283DC /* TabBarMoreViewController.m in Sources */ = {isa = PBXBuildFile; fileRef = 83DBE599171F901E00B283DC /* TabBarMoreViewController.m */; };
		83DBE5FE171F901E00B283DC /* UIButton+x.m in Sources */ = {isa = PBXBuildFile; fileRef = 83DBE59B171F901E00B283DC /* UIButton+x.m */; };
		83DBE5FF171F901E00B283DC /* XScrollView.m in Sources */ = {isa = PBXBuildFile; fileRef = 83DBE59D171F901E00B283DC /* XScrollView.m */; };
		83DBE600171F901E00B283DC /* XUIImageView.m in Sources */ = {isa = PBXBuildFile; fileRef = 83DBE59F171F901E00B283DC /* XUIImageView.m */; };
		83DBE601171F901E00B283DC /* XUILabel.m in Sources */ = {isa = PBXBuildFile; fileRef = 83DBE5A1171F901E00B283DC /* XUILabel.m */; };
		83DBE602171F901E00B283DC /* XUIViewController.m in Sources */ = {isa = PBXBuildFile; fileRef = 83DBE5A3171F901E00B283DC /* XUIViewController.m */; };
		83DBE603171F901E00B283DC /* XUIWebView.m in Sources */ = {isa = PBXBuildFile; fileRef = 83DBE5A5171F901E00B283DC /* XUIWebView.m */; };
		83DBE604171F901E00B283DC /* BCalloutMapAnnotationView.m in Sources */ = {isa = PBXBuildFile; fileRef = 83DBE5A8171F901E00B283DC /* BCalloutMapAnnotationView.m */; };
		83DBE605171F901E00B283DC /* BMapAnnotation.m in Sources */ = {isa = PBXBuildFile; fileRef = 83DBE5AA171F901E00B283DC /* BMapAnnotation.m */; };
		83DBE606171F901E00B283DC /* BMapLocation.m in Sources */ = {isa = PBXBuildFile; fileRef = 83DBE5AC171F901E00B283DC /* BMapLocation.m */; };
		83DBE607171F901E00B283DC /* CalloutMapAnnotationView.m in Sources */ = {isa = PBXBuildFile; fileRef = 83DBE5AE171F901E00B283DC /* CalloutMapAnnotationView.m */; };
		83DBE608171F901E00B283DC /* MKMapView+x.m in Sources */ = {isa = PBXBuildFile; fileRef = 83DBE5B0171F901E00B283DC /* MKMapView+x.m */; };
		83DBE609171F901E00B283DC /* AsyncLoader.m in Sources */ = {isa = PBXBuildFile; fileRef = 83DBE5B3171F901E00B283DC /* AsyncLoader.m */; };
		83DBE60A171F901E00B283DC /* NetChecker.m in Sources */ = {isa = PBXBuildFile; fileRef = 83DBE5B5171F901E00B283DC /* NetChecker.m */; };
		83DBE60B171F901E00B283DC /* BDropMenu.m in Sources */ = {isa = PBXBuildFile; fileRef = 83DBE5B8171F901E00B283DC /* BDropMenu.m */; };
		83DBE60C171F901E00B283DC /* BDropTitleView.m in Sources */ = {isa = PBXBuildFile; fileRef = 83DBE5BA171F901E00B283DC /* BDropTitleView.m */; };
		83DBE60D171F901E00B283DC /* BImageView.m in Sources */ = {isa = PBXBuildFile; fileRef = 83DBE5BC171F901E00B283DC /* BImageView.m */; };
		83DBE60E171F901E00B283DC /* BIndicator.m in Sources */ = {isa = PBXBuildFile; fileRef = 83DBE5BE171F901E00B283DC /* BIndicator.m */; };
		83DBE60F171F901E00B283DC /* BLineView.m in Sources */ = {isa = PBXBuildFile; fileRef = 83DBE5C0171F901E00B283DC /* BLineView.m */; };
		83DBE610171F901E00B283DC /* BPhotoScrollView.m in Sources */ = {isa = PBXBuildFile; fileRef = 83DBE5C2171F901E00B283DC /* BPhotoScrollView.m */; };
		83DBE611171F901E00B283DC /* BProgressBar.m in Sources */ = {isa = PBXBuildFile; fileRef = 83DBE5C4171F901E00B283DC /* BProgressBar.m */; };
		83DBE612171F901E00B283DC /* BrowserController.m in Sources */ = {isa = PBXBuildFile; fileRef = 83DBE5C6171F901E00B283DC /* BrowserController.m */; };
		83DBE613171F901E00B283DC /* BTabBgView.m in Sources */ = {isa = PBXBuildFile; fileRef = 83DBE5C8171F901E00B283DC /* BTabBgView.m */; };
		83DBE614171F901E00B283DC /* BToolBar.m in Sources */ = {isa = PBXBuildFile; fileRef = 83DBE5CA171F901E00B283DC /* BToolBar.m */; };
		83DBE615171F901E00B283DC /* HTabBarView.m in Sources */ = {isa = PBXBuildFile; fileRef = 83DBE5CC171F901E00B283DC /* HTabBarView.m */; };
		83DBE616171F901E00B283DC /* VTabBarView.m in Sources */ = {isa = PBXBuildFile; fileRef = 83DBE5CE171F901E00B283DC /* VTabBarView.m */; };
		83DBE617171F901E00B283DC /* XUIWebView.m in Sources */ = {isa = PBXBuildFile; fileRef = 83DBE5D0171F901E00B283DC /* XUIWebView.m */; };
		83DBE618171F901E00B283DC /* UIUtils.m in Sources */ = {isa = PBXBuildFile; fileRef = 83DBE5D3171F901E00B283DC /* UIUtils.m */; };
		83DBE619171F901E00B283DC /* Utils.m in Sources */ = {isa = PBXBuildFile; fileRef = 83DBE5D5171F901E00B283DC /* Utils.m */; };
		83DBE61A171F901E00B283DC /* CacheURLProtocol.m in Sources */ = {isa = PBXBuildFile; fileRef = 83DBE5D8171F901E00B283DC /* CacheURLProtocol.m */; };
		83DBE61B171F901E00B283DC /* Base64.m in Sources */ = {isa = PBXBuildFile; fileRef = 83DBE5DA171F901E00B283DC /* Base64.m */; };
		83DBE61C171F901E00B283DC /* BHttpClient.m in Sources */ = {isa = PBXBuildFile; fileRef = 83DBE5DF171F901E00B283DC /* BHttpClient.m */; };
		83DBE61D171F901E00B283DC /* BHttpRequestCache.m in Sources */ = {isa = PBXBuildFile; fileRef = 83DBE5E1171F901E00B283DC /* BHttpRequestCache.m */; };
		83DBE61E171F901E00B283DC /* BHttpRequestOperation.m in Sources */ = {isa = PBXBuildFile; fileRef = 83DBE5E3171F901E00B283DC /* BHttpRequestOperation.m */; };
		F6531D8DB80C4735A8761FFD /* libPods.a in Frameworks */ = {isa = PBXBuildFile; fileRef = 7DFDA534FC97413A927CC623 /* libPods.a */; };
/* End PBXBuildFile section */

/* Begin PBXContainerItemProxy section */
		83851CDD169D884200451E23 /* PBXContainerItemProxy */ = {
			isa = PBXContainerItemProxy;
			containerPortal = 83851CBD169D884200451E23 /* Project object */;
			proxyType = 1;
			remoteGlobalIDString = 83851CC5169D884200451E23;
			remoteInfo = BCommon;
		};
/* End PBXContainerItemProxy section */

/* Begin PBXCopyFilesBuildPhase section */
		83851CC4169D884200451E23 /* CopyFiles */ = {
			isa = PBXCopyFilesBuildPhase;
			buildActionMask = 2147483647;
			dstPath = "include/${PRODUCT_NAME}";
			dstSubfolderSpec = 16;
			files = (
			);
			runOnlyForDeploymentPostprocessing = 0;
		};
/* End PBXCopyFilesBuildPhase section */

/* Begin PBXFileReference section */
		4256CEAE34E94BCBB0C8F9C8 /* Pods.xcconfig */ = {isa = PBXFileReference; includeInIndex = 1; lastKnownFileType = text.xcconfig; name = Pods.xcconfig; path = Pods/Pods.xcconfig; sourceTree = SOURCE_ROOT; };
		7DFDA534FC97413A927CC623 /* libPods.a */ = {isa = PBXFileReference; explicitFileType = archive.ar; includeInIndex = 0; path = libPods.a; sourceTree = BUILT_PRODUCTS_DIR; };
		83647BE21794D50D00C9E331 /* BMapPlace.h */ = {isa = PBXFileReference; fileEncoding = 4; lastKnownFileType = sourcecode.c.h; path = BMapPlace.h; sourceTree = "<group>"; };
		83647BE31794D50D00C9E331 /* BMapPlace.m */ = {isa = PBXFileReference; fileEncoding = 4; lastKnownFileType = sourcecode.c.objc; path = BMapPlace.m; sourceTree = "<group>"; };
		83851CC6169D884200451E23 /* libBCommon.a */ = {isa = PBXFileReference; explicitFileType = archive.ar; includeInIndex = 0; path = libBCommon.a; sourceTree = BUILT_PRODUCTS_DIR; };
		83851CC9169D884200451E23 /* Foundation.framework */ = {isa = PBXFileReference; includeInIndex = 1; lastKnownFileType = wrapper.framework; name = Foundation.framework; path = System/Library/Frameworks/Foundation.framework; sourceTree = SDKROOT; };
		83851CCD169D884200451E23 /* BCommon-Prefix.pch */ = {isa = PBXFileReference; lastKnownFileType = sourcecode.c.h; path = "BCommon-Prefix.pch"; sourceTree = "<group>"; };
		83851CD7169D884200451E23 /* BCommonTests.octest */ = {isa = PBXFileReference; explicitFileType = wrapper.cfbundle; includeInIndex = 0; path = BCommonTests.octest; sourceTree = BUILT_PRODUCTS_DIR; };
		83851CD8169D884200451E23 /* SenTestingKit.framework */ = {isa = PBXFileReference; lastKnownFileType = wrapper.framework; name = SenTestingKit.framework; path = Library/Frameworks/SenTestingKit.framework; sourceTree = DEVELOPER_DIR; };
		83851CDA169D884200451E23 /* UIKit.framework */ = {isa = PBXFileReference; lastKnownFileType = wrapper.framework; name = UIKit.framework; path = Library/Frameworks/UIKit.framework; sourceTree = DEVELOPER_DIR; };
		83851CE2169D884200451E23 /* BCommonTests-Info.plist */ = {isa = PBXFileReference; lastKnownFileType = text.plist.xml; path = "BCommonTests-Info.plist"; sourceTree = "<group>"; };
		83851CE4169D884200451E23 /* en */ = {isa = PBXFileReference; lastKnownFileType = text.plist.strings; name = en; path = en.lproj/InfoPlist.strings; sourceTree = "<group>"; };
		83851CE6169D884200451E23 /* BCommonTests.h */ = {isa = PBXFileReference; lastKnownFileType = sourcecode.c.h; path = BCommonTests.h; sourceTree = "<group>"; };
		83851CE7169D884300451E23 /* BCommonTests.m */ = {isa = PBXFileReference; lastKnownFileType = sourcecode.c.objc; path = BCommonTests.m; sourceTree = "<group>"; };
		83D7585B171F93ED006D33B6 /* BUser.h */ = {isa = PBXFileReference; fileEncoding = 4; lastKnownFileType = sourcecode.c.h; path = BUser.h; sourceTree = "<group>"; };
		83D7585C171F93ED006D33B6 /* BUser.m */ = {isa = PBXFileReference; fileEncoding = 4; lastKnownFileType = sourcecode.c.objc; path = BUser.m; sourceTree = "<group>"; };
		83DBE560171F901E00B283DC /* Dao.h */ = {isa = PBXFileReference; fileEncoding = 4; lastKnownFileType = sourcecode.c.h; path = Dao.h; sourceTree = "<group>"; };
		83DBE561171F901E00B283DC /* Dao.m */ = {isa = PBXFileReference; fileEncoding = 4; lastKnownFileType = sourcecode.c.objc; path = Dao.m; sourceTree = "<group>"; };
		83DBE562171F901E00B283DC /* BResponse.h */ = {isa = PBXFileReference; fileEncoding = 4; lastKnownFileType = sourcecode.c.h; path = BResponse.h; sourceTree = "<group>"; };
		83DBE563171F901E00B283DC /* BResponse.m */ = {isa = PBXFileReference; fileEncoding = 4; lastKnownFileType = sourcecode.c.objc; path = BResponse.m; sourceTree = "<group>"; };
		83DBE564171F901E00B283DC /* TableCell.h */ = {isa = PBXFileReference; fileEncoding = 4; lastKnownFileType = sourcecode.c.h; path = TableCell.h; sourceTree = "<group>"; };
		83DBE565171F901E00B283DC /* TableCell.m */ = {isa = PBXFileReference; fileEncoding = 4; lastKnownFileType = sourcecode.c.objc; path = TableCell.m; sourceTree = "<group>"; };
		83DBE566171F901E00B283DC /* TableView.h */ = {isa = PBXFileReference; fileEncoding = 4; lastKnownFileType = sourcecode.c.h; path = TableView.h; sourceTree = "<group>"; };
		83DBE567171F901E00B283DC /* TableView.m */ = {isa = PBXFileReference; fileEncoding = 4; lastKnownFileType = sourcecode.c.objc; path = TableView.m; sourceTree = "<group>"; };
		83DBE568171F901E00B283DC /* BCommon.h */ = {isa = PBXFileReference; fileEncoding = 4; lastKnownFileType = sourcecode.c.h; path = BCommon.h; sourceTree = "<group>"; };
		83DBE569171F901E00B283DC /* BCommon.m */ = {isa = PBXFileReference; fileEncoding = 4; lastKnownFileType = sourcecode.c.objc; path = BCommon.m; sourceTree = "<group>"; };
		83DBE56C171F901E00B283DC /* NSArray+x.h */ = {isa = PBXFileReference; fileEncoding = 4; lastKnownFileType = sourcecode.c.h; path = "NSArray+x.h"; sourceTree = "<group>"; };
		83DBE56D171F901E00B283DC /* NSArray+x.m */ = {isa = PBXFileReference; fileEncoding = 4; lastKnownFileType = sourcecode.c.objc; path = "NSArray+x.m"; sourceTree = "<group>"; };
		83DBE56E171F901E00B283DC /* NSData+x.h */ = {isa = PBXFileReference; fileEncoding = 4; lastKnownFileType = sourcecode.c.h; path = "NSData+x.h"; sourceTree = "<group>"; };
		83DBE56F171F901E00B283DC /* NSData+x.m */ = {isa = PBXFileReference; fileEncoding = 4; lastKnownFileType = sourcecode.c.objc; path = "NSData+x.m"; sourceTree = "<group>"; };
		83DBE570171F901E00B283DC /* NSDate+x.h */ = {isa = PBXFileReference; fileEncoding = 4; lastKnownFileType = sourcecode.c.h; path = "NSDate+x.h"; sourceTree = "<group>"; };
		83DBE571171F901E00B283DC /* NSDate+x.m */ = {isa = PBXFileReference; fileEncoding = 4; lastKnownFileType = sourcecode.c.objc; path = "NSDate+x.m"; sourceTree = "<group>"; };
		83DBE572171F901E00B283DC /* NSDictionary+x.h */ = {isa = PBXFileReference; fileEncoding = 4; lastKnownFileType = sourcecode.c.h; path = "NSDictionary+x.h"; sourceTree = "<group>"; };
		83DBE573171F901E00B283DC /* NSDictionary+x.m */ = {isa = PBXFileReference; fileEncoding = 4; lastKnownFileType = sourcecode.c.objc; path = "NSDictionary+x.m"; sourceTree = "<group>"; };
		83DBE574171F901E00B283DC /* NSMutableData+x.h */ = {isa = PBXFileReference; fileEncoding = 4; lastKnownFileType = sourcecode.c.h; path = "NSMutableData+x.h"; sourceTree = "<group>"; };
		83DBE575171F901E00B283DC /* NSMutableData+x.m */ = {isa = PBXFileReference; fileEncoding = 4; lastKnownFileType = sourcecode.c.objc; path = "NSMutableData+x.m"; sourceTree = "<group>"; };
		83DBE576171F901E00B283DC /* NSNull+x.h */ = {isa = PBXFileReference; fileEncoding = 4; lastKnownFileType = sourcecode.c.h; path = "NSNull+x.h"; sourceTree = "<group>"; };
		83DBE577171F901E00B283DC /* NSNull+x.m */ = {isa = PBXFileReference; fileEncoding = 4; lastKnownFileType = sourcecode.c.objc; path = "NSNull+x.m"; sourceTree = "<group>"; };
		83DBE578171F901E00B283DC /* NSString+x.h */ = {isa = PBXFileReference; fileEncoding = 4; lastKnownFileType = sourcecode.c.h; path = "NSString+x.h"; sourceTree = "<group>"; };
		83DBE579171F901E00B283DC /* NSString+x.m */ = {isa = PBXFileReference; fileEncoding = 4; lastKnownFileType = sourcecode.c.objc; path = "NSString+x.m"; sourceTree = "<group>"; };
		83DBE57A171F901E00B283DC /* UIColor+x.h */ = {isa = PBXFileReference; fileEncoding = 4; lastKnownFileType = sourcecode.c.h; path = "UIColor+x.h"; sourceTree = "<group>"; };
		83DBE57B171F901E00B283DC /* UIColor+x.m */ = {isa = PBXFileReference; fileEncoding = 4; lastKnownFileType = sourcecode.c.objc; path = "UIColor+x.m"; sourceTree = "<group>"; };
		83DBE57C171F901E00B283DC /* UIImage+x.h */ = {isa = PBXFileReference; fileEncoding = 4; lastKnownFileType = sourcecode.c.h; path = "UIImage+x.h"; sourceTree = "<group>"; };
		83DBE57D171F901E00B283DC /* UIImage+x.m */ = {isa = PBXFileReference; fileEncoding = 4; lastKnownFileType = sourcecode.c.objc; path = "UIImage+x.m"; sourceTree = "<group>"; };
		83DBE57E171F901E00B283DC /* UIImageView+cache.h */ = {isa = PBXFileReference; fileEncoding = 4; lastKnownFileType = sourcecode.c.h; path = "UIImageView+cache.h"; sourceTree = "<group>"; };
		83DBE57F171F901E00B283DC /* UIImageView+cache.m */ = {isa = PBXFileReference; fileEncoding = 4; lastKnownFileType = sourcecode.c.objc; path = "UIImageView+cache.m"; sourceTree = "<group>"; };
		83DBE580171F901E00B283DC /* UINavigationBar+x.h */ = {isa = PBXFileReference; fileEncoding = 4; lastKnownFileType = sourcecode.c.h; path = "UINavigationBar+x.h"; sourceTree = "<group>"; };
		83DBE581171F901E00B283DC /* UINavigationBar+x.m */ = {isa = PBXFileReference; fileEncoding = 4; lastKnownFileType = sourcecode.c.objc; path = "UINavigationBar+x.m"; sourceTree = "<group>"; };
		83DBE582171F901E00B283DC /* UIWebView+x.h */ = {isa = PBXFileReference; fileEncoding = 4; lastKnownFileType = sourcecode.c.h; path = "UIWebView+x.h"; sourceTree = "<group>"; };
		83DBE583171F901E00B283DC /* UIWebView+x.m */ = {isa = PBXFileReference; fileEncoding = 4; lastKnownFileType = sourcecode.c.objc; path = "UIWebView+x.m"; sourceTree = "<group>"; };
		83DBE585171F901E00B283DC /* AppConf.h */ = {isa = PBXFileReference; fileEncoding = 4; lastKnownFileType = sourcecode.c.h; path = AppConf.h; sourceTree = "<group>"; };
		83DBE586171F901E00B283DC /* AppConf.m */ = {isa = PBXFileReference; fileEncoding = 4; lastKnownFileType = sourcecode.c.objc; path = AppConf.m; sourceTree = "<group>"; };
		83DBE587171F901E00B283DC /* BApi.h */ = {isa = PBXFileReference; fileEncoding = 4; lastKnownFileType = sourcecode.c.h; path = BApi.h; sourceTree = "<group>"; };
		83DBE588171F901E00B283DC /* BApi.m */ = {isa = PBXFileReference; fileEncoding = 4; lastKnownFileType = sourcecode.c.objc; path = BApi.m; sourceTree = "<group>"; };
		83DBE589171F901E00B283DC /* Global.h */ = {isa = PBXFileReference; fileEncoding = 4; lastKnownFileType = sourcecode.c.h; path = Global.h; sourceTree = "<group>"; };
		83DBE58A171F901E00B283DC /* Global.m */ = {isa = PBXFileReference; fileEncoding = 4; lastKnownFileType = sourcecode.c.objc; path = Global.m; sourceTree = "<group>"; };
		83DBE58B171F901E00B283DC /* GString.h */ = {isa = PBXFileReference; fileEncoding = 4; lastKnownFileType = sourcecode.c.h; path = GString.h; sourceTree = "<group>"; };
		83DBE58C171F901E00B283DC /* GUI.h */ = {isa = PBXFileReference; fileEncoding = 4; lastKnownFileType = sourcecode.c.h; path = GUI.h; sourceTree = "<group>"; };
		83DBE58D171F901E00B283DC /* GUI.m */ = {isa = PBXFileReference; fileEncoding = 4; lastKnownFileType = sourcecode.c.objc; path = GUI.m; sourceTree = "<group>"; };
		83DBE58F171F901E00B283DC /* BQueue.h */ = {isa = PBXFileReference; fileEncoding = 4; lastKnownFileType = sourcecode.c.h; path = BQueue.h; sourceTree = "<group>"; };
		83DBE590171F901E00B283DC /* BQueue.m */ = {isa = PBXFileReference; fileEncoding = 4; lastKnownFileType = sourcecode.c.objc; path = BQueue.m; sourceTree = "<group>"; };
		83DBE591171F901E00B283DC /* DBCache.h */ = {isa = PBXFileReference; fileEncoding = 4; lastKnownFileType = sourcecode.c.h; path = DBCache.h; sourceTree = "<group>"; };
		83DBE592171F901E00B283DC /* DBCache.m */ = {isa = PBXFileReference; fileEncoding = 4; lastKnownFileType = sourcecode.c.objc; path = DBCache.m; sourceTree = "<group>"; };
		83DBE594171F901E00B283DC /* BEnumerator.h */ = {isa = PBXFileReference; fileEncoding = 4; lastKnownFileType = sourcecode.c.h; path = BEnumerator.h; sourceTree = "<group>"; };
		83DBE595171F901E00B283DC /* BEnumerator.m */ = {isa = PBXFileReference; fileEncoding = 4; lastKnownFileType = sourcecode.c.objc; path = BEnumerator.m; sourceTree = "<group>"; };
		83DBE596171F901E00B283DC /* pinyin.c */ = {isa = PBXFileReference; fileEncoding = 4; lastKnownFileType = sourcecode.c.c; path = pinyin.c; sourceTree = "<group>"; };
		83DBE597171F901E00B283DC /* pinyin.h */ = {isa = PBXFileReference; fileEncoding = 4; lastKnownFileType = sourcecode.c.h; path = pinyin.h; sourceTree = "<group>"; };
		83DBE598171F901E00B283DC /* TabBarMoreViewController.h */ = {isa = PBXFileReference; fileEncoding = 4; lastKnownFileType = sourcecode.c.h; path = TabBarMoreViewController.h; sourceTree = "<group>"; };
		83DBE599171F901E00B283DC /* TabBarMoreViewController.m */ = {isa = PBXFileReference; fileEncoding = 4; lastKnownFileType = sourcecode.c.objc; path = TabBarMoreViewController.m; sourceTree = "<group>"; };
		83DBE59A171F901E00B283DC /* UIButton+x.h */ = {isa = PBXFileReference; fileEncoding = 4; lastKnownFileType = sourcecode.c.h; path = "UIButton+x.h"; sourceTree = "<group>"; };
		83DBE59B171F901E00B283DC /* UIButton+x.m */ = {isa = PBXFileReference; fileEncoding = 4; lastKnownFileType = sourcecode.c.objc; path = "UIButton+x.m"; sourceTree = "<group>"; };
		83DBE59C171F901E00B283DC /* XScrollView.h */ = {isa = PBXFileReference; fileEncoding = 4; lastKnownFileType = sourcecode.c.h; path = XScrollView.h; sourceTree = "<group>"; };
		83DBE59D171F901E00B283DC /* XScrollView.m */ = {isa = PBXFileReference; fileEncoding = 4; lastKnownFileType = sourcecode.c.objc; path = XScrollView.m; sourceTree = "<group>"; };
		83DBE59E171F901E00B283DC /* XUIImageView.h */ = {isa = PBXFileReference; fileEncoding = 4; lastKnownFileType = sourcecode.c.h; path = XUIImageView.h; sourceTree = "<group>"; };
		83DBE59F171F901E00B283DC /* XUIImageView.m */ = {isa = PBXFileReference; fileEncoding = 4; lastKnownFileType = sourcecode.c.objc; path = XUIImageView.m; sourceTree = "<group>"; };
		83DBE5A0171F901E00B283DC /* XUILabel.h */ = {isa = PBXFileReference; fileEncoding = 4; lastKnownFileType = sourcecode.c.h; path = XUILabel.h; sourceTree = "<group>"; };
		83DBE5A1171F901E00B283DC /* XUILabel.m */ = {isa = PBXFileReference; fileEncoding = 4; lastKnownFileType = sourcecode.c.objc; path = XUILabel.m; sourceTree = "<group>"; };
		83DBE5A2171F901E00B283DC /* XUIViewController.h */ = {isa = PBXFileReference; fileEncoding = 4; lastKnownFileType = sourcecode.c.h; path = XUIViewController.h; sourceTree = "<group>"; };
		83DBE5A3171F901E00B283DC /* XUIViewController.m */ = {isa = PBXFileReference; fileEncoding = 4; lastKnownFileType = sourcecode.c.objc; path = XUIViewController.m; sourceTree = "<group>"; };
		83DBE5A4171F901E00B283DC /* XUIWebView.h */ = {isa = PBXFileReference; fileEncoding = 4; lastKnownFileType = sourcecode.c.h; path = XUIWebView.h; sourceTree = "<group>"; };
		83DBE5A5171F901E00B283DC /* XUIWebView.m */ = {isa = PBXFileReference; fileEncoding = 4; lastKnownFileType = sourcecode.c.objc; path = XUIWebView.m; sourceTree = "<group>"; };
		83DBE5A7171F901E00B283DC /* BCalloutMapAnnotationView.h */ = {isa = PBXFileReference; fileEncoding = 4; lastKnownFileType = sourcecode.c.h; path = BCalloutMapAnnotationView.h; sourceTree = "<group>"; };
		83DBE5A8171F901E00B283DC /* BCalloutMapAnnotationView.m */ = {isa = PBXFileReference; fileEncoding = 4; lastKnownFileType = sourcecode.c.objc; path = BCalloutMapAnnotationView.m; sourceTree = "<group>"; };
		83DBE5A9171F901E00B283DC /* BMapAnnotation.h */ = {isa = PBXFileReference; fileEncoding = 4; lastKnownFileType = sourcecode.c.h; path = BMapAnnotation.h; sourceTree = "<group>"; };
		83DBE5AA171F901E00B283DC /* BMapAnnotation.m */ = {isa = PBXFileReference; fileEncoding = 4; lastKnownFileType = sourcecode.c.objc; path = BMapAnnotation.m; sourceTree = "<group>"; };
		83DBE5AB171F901E00B283DC /* BMapLocation.h */ = {isa = PBXFileReference; fileEncoding = 4; lastKnownFileType = sourcecode.c.h; path = BMapLocation.h; sourceTree = "<group>"; };
		83DBE5AC171F901E00B283DC /* BMapLocation.m */ = {isa = PBXFileReference; fileEncoding = 4; lastKnownFileType = sourcecode.c.objc; path = BMapLocation.m; sourceTree = "<group>"; };
		83DBE5AD171F901E00B283DC /* CalloutMapAnnotationView.h */ = {isa = PBXFileReference; fileEncoding = 4; lastKnownFileType = sourcecode.c.h; path = CalloutMapAnnotationView.h; sourceTree = "<group>"; };
		83DBE5AE171F901E00B283DC /* CalloutMapAnnotationView.m */ = {isa = PBXFileReference; fileEncoding = 4; lastKnownFileType = sourcecode.c.objc; path = CalloutMapAnnotationView.m; sourceTree = "<group>"; };
		83DBE5AF171F901E00B283DC /* MKMapView+x.h */ = {isa = PBXFileReference; fileEncoding = 4; lastKnownFileType = sourcecode.c.h; path = "MKMapView+x.h"; sourceTree = "<group>"; };
		83DBE5B0171F901E00B283DC /* MKMapView+x.m */ = {isa = PBXFileReference; fileEncoding = 4; lastKnownFileType = sourcecode.c.objc; path = "MKMapView+x.m"; sourceTree = "<group>"; };
		83DBE5B2171F901E00B283DC /* AsyncLoader.h */ = {isa = PBXFileReference; fileEncoding = 4; lastKnownFileType = sourcecode.c.h; path = AsyncLoader.h; sourceTree = "<group>"; };
		83DBE5B3171F901E00B283DC /* AsyncLoader.m */ = {isa = PBXFileReference; fileEncoding = 4; lastKnownFileType = sourcecode.c.objc; path = AsyncLoader.m; sourceTree = "<group>"; };
		83DBE5B4171F901E00B283DC /* NetChecker.h */ = {isa = PBXFileReference; fileEncoding = 4; lastKnownFileType = sourcecode.c.h; path = NetChecker.h; sourceTree = "<group>"; };
		83DBE5B5171F901E00B283DC /* NetChecker.m */ = {isa = PBXFileReference; fileEncoding = 4; lastKnownFileType = sourcecode.c.objc; path = NetChecker.m; sourceTree = "<group>"; };
		83DBE5B7171F901E00B283DC /* BDropMenu.h */ = {isa = PBXFileReference; fileEncoding = 4; lastKnownFileType = sourcecode.c.h; path = BDropMenu.h; sourceTree = "<group>"; };
		83DBE5B8171F901E00B283DC /* BDropMenu.m */ = {isa = PBXFileReference; fileEncoding = 4; lastKnownFileType = sourcecode.c.objc; path = BDropMenu.m; sourceTree = "<group>"; };
		83DBE5B9171F901E00B283DC /* BDropTitleView.h */ = {isa = PBXFileReference; fileEncoding = 4; lastKnownFileType = sourcecode.c.h; path = BDropTitleView.h; sourceTree = "<group>"; };
		83DBE5BA171F901E00B283DC /* BDropTitleView.m */ = {isa = PBXFileReference; fileEncoding = 4; lastKnownFileType = sourcecode.c.objc; path = BDropTitleView.m; sourceTree = "<group>"; };
		83DBE5BB171F901E00B283DC /* BImageView.h */ = {isa = PBXFileReference; fileEncoding = 4; lastKnownFileType = sourcecode.c.h; path = BImageView.h; sourceTree = "<group>"; };
		83DBE5BC171F901E00B283DC /* BImageView.m */ = {isa = PBXFileReference; fileEncoding = 4; lastKnownFileType = sourcecode.c.objc; path = BImageView.m; sourceTree = "<group>"; };
		83DBE5BD171F901E00B283DC /* BIndicator.h */ = {isa = PBXFileReference; fileEncoding = 4; lastKnownFileType = sourcecode.c.h; path = BIndicator.h; sourceTree = "<group>"; };
		83DBE5BE171F901E00B283DC /* BIndicator.m */ = {isa = PBXFileReference; fileEncoding = 4; lastKnownFileType = sourcecode.c.objc; path = BIndicator.m; sourceTree = "<group>"; };
		83DBE5BF171F901E00B283DC /* BLineView.h */ = {isa = PBXFileReference; fileEncoding = 4; lastKnownFileType = sourcecode.c.h; path = BLineView.h; sourceTree = "<group>"; };
		83DBE5C0171F901E00B283DC /* BLineView.m */ = {isa = PBXFileReference; fileEncoding = 4; lastKnownFileType = sourcecode.c.objc; path = BLineView.m; sourceTree = "<group>"; };
		83DBE5C1171F901E00B283DC /* BPhotoScrollView.h */ = {isa = PBXFileReference; fileEncoding = 4; lastKnownFileType = sourcecode.c.h; path = BPhotoScrollView.h; sourceTree = "<group>"; };
		83DBE5C2171F901E00B283DC /* BPhotoScrollView.m */ = {isa = PBXFileReference; fileEncoding = 4; lastKnownFileType = sourcecode.c.objc; path = BPhotoScrollView.m; sourceTree = "<group>"; };
		83DBE5C3171F901E00B283DC /* BProgressBar.h */ = {isa = PBXFileReference; fileEncoding = 4; lastKnownFileType = sourcecode.c.h; path = BProgressBar.h; sourceTree = "<group>"; };
		83DBE5C4171F901E00B283DC /* BProgressBar.m */ = {isa = PBXFileReference; fileEncoding = 4; lastKnownFileType = sourcecode.c.objc; path = BProgressBar.m; sourceTree = "<group>"; };
		83DBE5C5171F901E00B283DC /* BrowserController.h */ = {isa = PBXFileReference; fileEncoding = 4; lastKnownFileType = sourcecode.c.h; path = BrowserController.h; sourceTree = "<group>"; };
		83DBE5C6171F901E00B283DC /* BrowserController.m */ = {isa = PBXFileReference; fileEncoding = 4; lastKnownFileType = sourcecode.c.objc; path = BrowserController.m; sourceTree = "<group>"; };
		83DBE5C7171F901E00B283DC /* BTabBgView.h */ = {isa = PBXFileReference; fileEncoding = 4; lastKnownFileType = sourcecode.c.h; path = BTabBgView.h; sourceTree = "<group>"; };
		83DBE5C8171F901E00B283DC /* BTabBgView.m */ = {isa = PBXFileReference; fileEncoding = 4; lastKnownFileType = sourcecode.c.objc; path = BTabBgView.m; sourceTree = "<group>"; };
		83DBE5C9171F901E00B283DC /* BToolBar.h */ = {isa = PBXFileReference; fileEncoding = 4; lastKnownFileType = sourcecode.c.h; path = BToolBar.h; sourceTree = "<group>"; };
		83DBE5CA171F901E00B283DC /* BToolBar.m */ = {isa = PBXFileReference; fileEncoding = 4; lastKnownFileType = sourcecode.c.objc; path = BToolBar.m; sourceTree = "<group>"; };
		83DBE5CB171F901E00B283DC /* HTabBarView.h */ = {isa = PBXFileReference; fileEncoding = 4; lastKnownFileType = sourcecode.c.h; path = HTabBarView.h; sourceTree = "<group>"; };
		83DBE5CC171F901E00B283DC /* HTabBarView.m */ = {isa = PBXFileReference; fileEncoding = 4; lastKnownFileType = sourcecode.c.objc; path = HTabBarView.m; sourceTree = "<group>"; };
		83DBE5CD171F901E00B283DC /* VTabBarView.h */ = {isa = PBXFileReference; fileEncoding = 4; lastKnownFileType = sourcecode.c.h; path = VTabBarView.h; sourceTree = "<group>"; };
		83DBE5CE171F901E00B283DC /* VTabBarView.m */ = {isa = PBXFileReference; fileEncoding = 4; lastKnownFileType = sourcecode.c.objc; path = VTabBarView.m; sourceTree = "<group>"; };
		83DBE5CF171F901E00B283DC /* XUIWebView.h */ = {isa = PBXFileReference; fileEncoding = 4; lastKnownFileType = sourcecode.c.h; path = XUIWebView.h; sourceTree = "<group>"; };
		83DBE5D0171F901E00B283DC /* XUIWebView.m */ = {isa = PBXFileReference; fileEncoding = 4; lastKnownFileType = sourcecode.c.objc; path = XUIWebView.m; sourceTree = "<group>"; };
		83DBE5D2171F901E00B283DC /* UIUtils.h */ = {isa = PBXFileReference; fileEncoding = 4; lastKnownFileType = sourcecode.c.h; path = UIUtils.h; sourceTree = "<group>"; };
		83DBE5D3171F901E00B283DC /* UIUtils.m */ = {isa = PBXFileReference; fileEncoding = 4; lastKnownFileType = sourcecode.c.objc; path = UIUtils.m; sourceTree = "<group>"; };
		83DBE5D4171F901E00B283DC /* Utils.h */ = {isa = PBXFileReference; fileEncoding = 4; lastKnownFileType = sourcecode.c.h; path = Utils.h; sourceTree = "<group>"; };
		83DBE5D5171F901E00B283DC /* Utils.m */ = {isa = PBXFileReference; fileEncoding = 4; lastKnownFileType = sourcecode.c.objc; path = Utils.m; sourceTree = "<group>"; };
		83DBE5D7171F901E00B283DC /* CacheURLProtocol.h */ = {isa = PBXFileReference; fileEncoding = 4; lastKnownFileType = sourcecode.c.h; path = CacheURLProtocol.h; sourceTree = "<group>"; };
		83DBE5D8171F901E00B283DC /* CacheURLProtocol.m */ = {isa = PBXFileReference; fileEncoding = 4; lastKnownFileType = sourcecode.c.objc; path = CacheURLProtocol.m; sourceTree = "<group>"; };
		83DBE5D9171F901E00B283DC /* Base64.h */ = {isa = PBXFileReference; fileEncoding = 4; lastKnownFileType = sourcecode.c.h; path = Base64.h; sourceTree = "<group>"; };
		83DBE5DA171F901E00B283DC /* Base64.m */ = {isa = PBXFileReference; fileEncoding = 4; lastKnownFileType = sourcecode.c.objc; path = Base64.m; sourceTree = "<group>"; };
		83DBE5DB171F901E00B283DC /* Base64Defines.h */ = {isa = PBXFileReference; fileEncoding = 4; lastKnownFileType = sourcecode.c.h; path = Base64Defines.h; sourceTree = "<group>"; };
		83DBE5DE171F901E00B283DC /* BHttpClient.h */ = {isa = PBXFileReference; fileEncoding = 4; lastKnownFileType = sourcecode.c.h; path = BHttpClient.h; sourceTree = "<group>"; };
		83DBE5DF171F901E00B283DC /* BHttpClient.m */ = {isa = PBXFileReference; fileEncoding = 4; lastKnownFileType = sourcecode.c.objc; path = BHttpClient.m; sourceTree = "<group>"; };
		83DBE5E0171F901E00B283DC /* BHttpRequestCache.h */ = {isa = PBXFileReference; fileEncoding = 4; lastKnownFileType = sourcecode.c.h; path = BHttpRequestCache.h; sourceTree = "<group>"; };
		83DBE5E1171F901E00B283DC /* BHttpRequestCache.m */ = {isa = PBXFileReference; fileEncoding = 4; lastKnownFileType = sourcecode.c.objc; path = BHttpRequestCache.m; sourceTree = "<group>"; };
		83DBE5E2171F901E00B283DC /* BHttpRequestOperation.h */ = {isa = PBXFileReference; fileEncoding = 4; lastKnownFileType = sourcecode.c.h; path = BHttpRequestOperation.h; sourceTree = "<group>"; };
		83DBE5E3171F901E00B283DC /* BHttpRequestOperation.m */ = {isa = PBXFileReference; fileEncoding = 4; lastKnownFileType = sourcecode.c.objc; path = BHttpRequestOperation.m; sourceTree = "<group>"; };
/* End PBXFileReference section */

/* Begin PBXFrameworksBuildPhase section */
		83851CC3169D884200451E23 /* Frameworks */ = {
			isa = PBXFrameworksBuildPhase;
			buildActionMask = 2147483647;
			files = (
				83851CCA169D884200451E23 /* Foundation.framework in Frameworks */,
				F6531D8DB80C4735A8761FFD /* libPods.a in Frameworks */,
			);
			runOnlyForDeploymentPostprocessing = 0;
		};
		83851CD3169D884200451E23 /* Frameworks */ = {
			isa = PBXFrameworksBuildPhase;
			buildActionMask = 2147483647;
			files = (
				83851CD9169D884200451E23 /* SenTestingKit.framework in Frameworks */,
				83851CDB169D884200451E23 /* UIKit.framework in Frameworks */,
				83851CDC169D884200451E23 /* Foundation.framework in Frameworks */,
				83851CDF169D884200451E23 /* libBCommon.a in Frameworks */,
			);
			runOnlyForDeploymentPostprocessing = 0;
		};
/* End PBXFrameworksBuildPhase section */

/* Begin PBXGroup section */
		83851CBB169D884200451E23 = {
			isa = PBXGroup;
			children = (
				83851CCB169D884200451E23 /* BCommon */,
				83851CE0169D884200451E23 /* BCommonTests */,
				83851CC8169D884200451E23 /* Frameworks */,
				83851CC7169D884200451E23 /* Products */,
				4256CEAE34E94BCBB0C8F9C8 /* Pods.xcconfig */,
			);
			sourceTree = "<group>";
		};
		83851CC7169D884200451E23 /* Products */ = {
			isa = PBXGroup;
			children = (
				83851CC6169D884200451E23 /* libBCommon.a */,
				83851CD7169D884200451E23 /* BCommonTests.octest */,
			);
			name = Products;
			sourceTree = "<group>";
		};
		83851CC8169D884200451E23 /* Frameworks */ = {
			isa = PBXGroup;
			children = (
				83851CC9169D884200451E23 /* Foundation.framework */,
				83851CD8169D884200451E23 /* SenTestingKit.framework */,
				83851CDA169D884200451E23 /* UIKit.framework */,
				7DFDA534FC97413A927CC623 /* libPods.a */,
			);
			name = Frameworks;
			sourceTree = "<group>";
		};
		83851CCB169D884200451E23 /* BCommon */ = {
			isa = PBXGroup;
			children = (
				83DBE55E171F901E00B283DC /* Classes */,
				83851CCC169D884200451E23 /* Supporting Files */,
			);
			path = BCommon;
			sourceTree = "<group>";
		};
		83851CCC169D884200451E23 /* Supporting Files */ = {
			isa = PBXGroup;
			children = (
				83851CCD169D884200451E23 /* BCommon-Prefix.pch */,
			);
			name = "Supporting Files";
			sourceTree = "<group>";
		};
		83851CE0169D884200451E23 /* BCommonTests */ = {
			isa = PBXGroup;
			children = (
				83851CE6169D884200451E23 /* BCommonTests.h */,
				83851CE7169D884300451E23 /* BCommonTests.m */,
				83851CE1169D884200451E23 /* Supporting Files */,
			);
			path = BCommonTests;
			sourceTree = "<group>";
		};
		83851CE1169D884200451E23 /* Supporting Files */ = {
			isa = PBXGroup;
			children = (
				83851CE2169D884200451E23 /* BCommonTests-Info.plist */,
				83851CE3169D884200451E23 /* InfoPlist.strings */,
			);
			name = "Supporting Files";
			sourceTree = "<group>";
		};
		83D75856171F93ED006D33B6 /* model */ = {
			isa = PBXGroup;
			children = (
				83D75857171F93ED006D33B6 /* app */,
				83D7585A171F93ED006D33B6 /* member */,
			);
			path = model;
			sourceTree = "<group>";
		};
		83D75857171F93ED006D33B6 /* app */ = {
			isa = PBXGroup;
			children = (
			);
			path = app;
			sourceTree = "<group>";
		};
		83D7585A171F93ED006D33B6 /* member */ = {
			isa = PBXGroup;
			children = (
				83D7585B171F93ED006D33B6 /* BUser.h */,
				83D7585C171F93ED006D33B6 /* BUser.m */,
			);
			path = member;
			sourceTree = "<group>";
		};
		83DBE55E171F901E00B283DC /* Classes */ = {
			isa = PBXGroup;
			children = (
				83D75856171F93ED006D33B6 /* model */,
				83DBE55F171F901E00B283DC /* base */,
				83DBE568171F901E00B283DC /* BCommon.h */,
				83DBE569171F901E00B283DC /* BCommon.m */,
				83DBE56A171F901E00B283DC /* common */,
				83DBE5DC171F901E00B283DC /* modules */,
			);
			path = Classes;
			sourceTree = "<group>";
		};
		83DBE55F171F901E00B283DC /* base */ = {
			isa = PBXGroup;
			children = (
				83DBE560171F901E00B283DC /* Dao.h */,
				83DBE561171F901E00B283DC /* Dao.m */,
				83DBE562171F901E00B283DC /* BResponse.h */,
				83DBE563171F901E00B283DC /* BResponse.m */,
				83DBE564171F901E00B283DC /* TableCell.h */,
				83DBE565171F901E00B283DC /* TableCell.m */,
				83DBE566171F901E00B283DC /* TableView.h */,
				83DBE567171F901E00B283DC /* TableView.m */,
			);
			path = base;
			sourceTree = "<group>";
		};
		83DBE56A171F901E00B283DC /* common */ = {
			isa = PBXGroup;
			children = (
				83DBE56B171F901E00B283DC /* categories */,
				83DBE584171F901E00B283DC /* conf */,
				83DBE58E171F901E00B283DC /* dao */,
				83DBE593171F901E00B283DC /* ext */,
				83DBE5A6171F901E00B283DC /* map */,
				83DBE5B1171F901E00B283DC /* network */,
				83DBE5B6171F901E00B283DC /* ui */,
				83DBE5D1171F901E00B283DC /* utils */,
				83DBE5D6171F901E00B283DC /* web */,
			);
			path = common;
			sourceTree = "<group>";
		};
		83DBE56B171F901E00B283DC /* categories */ = {
			isa = PBXGroup;
			children = (
				83DBE56C171F901E00B283DC /* NSArray+x.h */,
				83DBE56D171F901E00B283DC /* NSArray+x.m */,
				83DBE56E171F901E00B283DC /* NSData+x.h */,
				83DBE56F171F901E00B283DC /* NSData+x.m */,
				83DBE570171F901E00B283DC /* NSDate+x.h */,
				83DBE571171F901E00B283DC /* NSDate+x.m */,
				83DBE572171F901E00B283DC /* NSDictionary+x.h */,
				83DBE573171F901E00B283DC /* NSDictionary+x.m */,
				83DBE574171F901E00B283DC /* NSMutableData+x.h */,
				83DBE575171F901E00B283DC /* NSMutableData+x.m */,
				83DBE576171F901E00B283DC /* NSNull+x.h */,
				83DBE577171F901E00B283DC /* NSNull+x.m */,
				83DBE578171F901E00B283DC /* NSString+x.h */,
				83DBE579171F901E00B283DC /* NSString+x.m */,
				83DBE57A171F901E00B283DC /* UIColor+x.h */,
				83DBE57B171F901E00B283DC /* UIColor+x.m */,
				83DBE57C171F901E00B283DC /* UIImage+x.h */,
				83DBE57D171F901E00B283DC /* UIImage+x.m */,
				83DBE57E171F901E00B283DC /* UIImageView+cache.h */,
				83DBE57F171F901E00B283DC /* UIImageView+cache.m */,
				83DBE580171F901E00B283DC /* UINavigationBar+x.h */,
				83DBE581171F901E00B283DC /* UINavigationBar+x.m */,
				83DBE582171F901E00B283DC /* UIWebView+x.h */,
				83DBE583171F901E00B283DC /* UIWebView+x.m */,
			);
			path = categories;
			sourceTree = "<group>";
		};
		83DBE584171F901E00B283DC /* conf */ = {
			isa = PBXGroup;
			children = (
				83DBE585171F901E00B283DC /* AppConf.h */,
				83DBE586171F901E00B283DC /* AppConf.m */,
				83DBE587171F901E00B283DC /* BApi.h */,
				83DBE588171F901E00B283DC /* BApi.m */,
				83DBE589171F901E00B283DC /* Global.h */,
				83DBE58A171F901E00B283DC /* Global.m */,
				83DBE58B171F901E00B283DC /* GString.h */,
				83DBE58C171F901E00B283DC /* GUI.h */,
				83DBE58D171F901E00B283DC /* GUI.m */,
			);
			path = conf;
			sourceTree = "<group>";
		};
		83DBE58E171F901E00B283DC /* dao */ = {
			isa = PBXGroup;
			children = (
				83DBE58F171F901E00B283DC /* BQueue.h */,
				83DBE590171F901E00B283DC /* BQueue.m */,
				83DBE591171F901E00B283DC /* DBCache.h */,
				83DBE592171F901E00B283DC /* DBCache.m */,
			);
			path = dao;
			sourceTree = "<group>";
		};
		83DBE593171F901E00B283DC /* ext */ = {
			isa = PBXGroup;
			children = (
				83DBE594171F901E00B283DC /* BEnumerator.h */,
				83DBE595171F901E00B283DC /* BEnumerator.m */,
				83DBE596171F901E00B283DC /* pinyin.c */,
				83DBE597171F901E00B283DC /* pinyin.h */,
				83DBE598171F901E00B283DC /* TabBarMoreViewController.h */,
				83DBE599171F901E00B283DC /* TabBarMoreViewController.m */,
				83DBE59A171F901E00B283DC /* UIButton+x.h */,
				83DBE59B171F901E00B283DC /* UIButton+x.m */,
				83DBE59C171F901E00B283DC /* XScrollView.h */,
				83DBE59D171F901E00B283DC /* XScrollView.m */,
				83DBE59E171F901E00B283DC /* XUIImageView.h */,
				83DBE59F171F901E00B283DC /* XUIImageView.m */,
				83DBE5A0171F901E00B283DC /* XUILabel.h */,
				83DBE5A1171F901E00B283DC /* XUILabel.m */,
				83DBE5A2171F901E00B283DC /* XUIViewController.h */,
				83DBE5A3171F901E00B283DC /* XUIViewController.m */,
				83DBE5A4171F901E00B283DC /* XUIWebView.h */,
				83DBE5A5171F901E00B283DC /* XUIWebView.m */,
			);
			path = ext;
			sourceTree = "<group>";
		};
		83DBE5A6171F901E00B283DC /* map */ = {
			isa = PBXGroup;
			children = (
				83DBE5A7171F901E00B283DC /* BCalloutMapAnnotationView.h */,
				83DBE5A8171F901E00B283DC /* BCalloutMapAnnotationView.m */,
				83DBE5A9171F901E00B283DC /* BMapAnnotation.h */,
				83DBE5AA171F901E00B283DC /* BMapAnnotation.m */,
				83DBE5AB171F901E00B283DC /* BMapLocation.h */,
				83DBE5AC171F901E00B283DC /* BMapLocation.m */,
				83647BE21794D50D00C9E331 /* BMapPlace.h */,
				83647BE31794D50D00C9E331 /* BMapPlace.m */,
				83DBE5AD171F901E00B283DC /* CalloutMapAnnotationView.h */,
				83DBE5AE171F901E00B283DC /* CalloutMapAnnotationView.m */,
				83DBE5AF171F901E00B283DC /* MKMapView+x.h */,
				83DBE5B0171F901E00B283DC /* MKMapView+x.m */,
			);
			path = map;
			sourceTree = "<group>";
		};
		83DBE5B1171F901E00B283DC /* network */ = {
			isa = PBXGroup;
			children = (
				83DBE5B2171F901E00B283DC /* AsyncLoader.h */,
				83DBE5B3171F901E00B283DC /* AsyncLoader.m */,
				83DBE5B4171F901E00B283DC /* NetChecker.h */,
				83DBE5B5171F901E00B283DC /* NetChecker.m */,
			);
			path = network;
			sourceTree = "<group>";
		};
		83DBE5B6171F901E00B283DC /* ui */ = {
			isa = PBXGroup;
			children = (
				83DBE5B7171F901E00B283DC /* BDropMenu.h */,
				83DBE5B8171F901E00B283DC /* BDropMenu.m */,
				83DBE5B9171F901E00B283DC /* BDropTitleView.h */,
				83DBE5BA171F901E00B283DC /* BDropTitleView.m */,
				83DBE5BB171F901E00B283DC /* BImageView.h */,
				83DBE5BC171F901E00B283DC /* BImageView.m */,
				83DBE5BD171F901E00B283DC /* BIndicator.h */,
				83DBE5BE171F901E00B283DC /* BIndicator.m */,
				83DBE5BF171F901E00B283DC /* BLineView.h */,
				83DBE5C0171F901E00B283DC /* BLineView.m */,
				83DBE5C1171F901E00B283DC /* BPhotoScrollView.h */,
				83DBE5C2171F901E00B283DC /* BPhotoScrollView.m */,
				83DBE5C3171F901E00B283DC /* BProgressBar.h */,
				83DBE5C4171F901E00B283DC /* BProgressBar.m */,
				83DBE5C5171F901E00B283DC /* BrowserController.h */,
				83DBE5C6171F901E00B283DC /* BrowserController.m */,
				83DBE5C7171F901E00B283DC /* BTabBgView.h */,
				83DBE5C8171F901E00B283DC /* BTabBgView.m */,
				83DBE5C9171F901E00B283DC /* BToolBar.h */,
				83DBE5CA171F901E00B283DC /* BToolBar.m */,
				83DBE5CB171F901E00B283DC /* HTabBarView.h */,
				83DBE5CC171F901E00B283DC /* HTabBarView.m */,
				83DBE5CD171F901E00B283DC /* VTabBarView.h */,
				83DBE5CE171F901E00B283DC /* VTabBarView.m */,
				83DBE5CF171F901E00B283DC /* XUIWebView.h */,
				83DBE5D0171F901E00B283DC /* XUIWebView.m */,
			);
			path = ui;
			sourceTree = "<group>";
		};
		83DBE5D1171F901E00B283DC /* utils */ = {
			isa = PBXGroup;
			children = (
				83DBE5D2171F901E00B283DC /* UIUtils.h */,
				83DBE5D3171F901E00B283DC /* UIUtils.m */,
				83DBE5D4171F901E00B283DC /* Utils.h */,
				83DBE5D5171F901E00B283DC /* Utils.m */,
			);
			path = utils;
			sourceTree = "<group>";
		};
		83DBE5D6171F901E00B283DC /* web */ = {
			isa = PBXGroup;
			children = (
				83DBE5D7171F901E00B283DC /* CacheURLProtocol.h */,
				83DBE5D8171F901E00B283DC /* CacheURLProtocol.m */,
				83DBE5D9171F901E00B283DC /* Base64.h */,
				83DBE5DA171F901E00B283DC /* Base64.m */,
				83DBE5DB171F901E00B283DC /* Base64Defines.h */,
			);
			path = web;
			sourceTree = "<group>";
		};
		83DBE5DC171F901E00B283DC /* modules */ = {
			isa = PBXGroup;
			children = (
				83DBE5DD171F901E00B283DC /* AFNetworking */,
			);
			path = modules;
			sourceTree = "<group>";
		};
		83DBE5DD171F901E00B283DC /* AFNetworking */ = {
			isa = PBXGroup;
			children = (
				83DBE5DE171F901E00B283DC /* BHttpClient.h */,
				83DBE5DF171F901E00B283DC /* BHttpClient.m */,
				83DBE5E0171F901E00B283DC /* BHttpRequestCache.h */,
				83DBE5E1171F901E00B283DC /* BHttpRequestCache.m */,
				83DBE5E2171F901E00B283DC /* BHttpRequestOperation.h */,
				83DBE5E3171F901E00B283DC /* BHttpRequestOperation.m */,
			);
			path = AFNetworking;
			sourceTree = "<group>";
		};
/* End PBXGroup section */

/* Begin PBXNativeTarget section */
		83851CC5169D884200451E23 /* BCommon */ = {
			isa = PBXNativeTarget;
			buildConfigurationList = 83851CEB169D884300451E23 /* Build configuration list for PBXNativeTarget "BCommon" */;
			buildPhases = (
				83851CC2169D884200451E23 /* Sources */,
				83851CC3169D884200451E23 /* Frameworks */,
				83851CC4169D884200451E23 /* CopyFiles */,
				26FBD54A517940328B4A543E /* Copy Pods Resources */,
			);
			buildRules = (
			);
			dependencies = (
			);
			name = BCommon;
			productName = BCommon;
			productReference = 83851CC6169D884200451E23 /* libBCommon.a */;
			productType = "com.apple.product-type.library.static";
		};
		83851CD6169D884200451E23 /* BCommonTests */ = {
			isa = PBXNativeTarget;
			buildConfigurationList = 83851CEE169D884300451E23 /* Build configuration list for PBXNativeTarget "BCommonTests" */;
			buildPhases = (
				83851CD2169D884200451E23 /* Sources */,
				83851CD3169D884200451E23 /* Frameworks */,
				83851CD4169D884200451E23 /* Resources */,
				83851CD5169D884200451E23 /* ShellScript */,
			);
			buildRules = (
			);
			dependencies = (
				83851CDE169D884200451E23 /* PBXTargetDependency */,
			);
			name = BCommonTests;
			productName = BCommonTests;
			productReference = 83851CD7169D884200451E23 /* BCommonTests.octest */;
			productType = "com.apple.product-type.bundle";
		};
/* End PBXNativeTarget section */

/* Begin PBXProject section */
		83851CBD169D884200451E23 /* Project object */ = {
			isa = PBXProject;
			attributes = {
				LastUpgradeCheck = 0450;
				ORGANIZATIONNAME = baboy;
			};
			buildConfigurationList = 83851CC0169D884200451E23 /* Build configuration list for PBXProject "BCommon" */;
			compatibilityVersion = "Xcode 3.2";
			developmentRegion = English;
			hasScannedForEncodings = 0;
			knownRegions = (
				en,
			);
			mainGroup = 83851CBB169D884200451E23;
			productRefGroup = 83851CC7169D884200451E23 /* Products */;
			projectDirPath = "";
			projectRoot = "";
			targets = (
				83851CC5169D884200451E23 /* BCommon */,
				83851CD6169D884200451E23 /* BCommonTests */,
			);
		};
/* End PBXProject section */

/* Begin PBXResourcesBuildPhase section */
		83851CD4169D884200451E23 /* Resources */ = {
			isa = PBXResourcesBuildPhase;
			buildActionMask = 2147483647;
			files = (
				83851CE5169D884200451E23 /* InfoPlist.strings in Resources */,
			);
			runOnlyForDeploymentPostprocessing = 0;
		};
/* End PBXResourcesBuildPhase section */

/* Begin PBXShellScriptBuildPhase section */
		26FBD54A517940328B4A543E /* Copy Pods Resources */ = {
			isa = PBXShellScriptBuildPhase;
			buildActionMask = 2147483647;
			files = (
			);
			inputPaths = (
			);
			name = "Copy Pods Resources";
			outputPaths = (
			);
			runOnlyForDeploymentPostprocessing = 0;
			shellPath = /bin/sh;
			shellScript = "\"${SRCROOT}/Pods/Pods-resources.sh\"\n";
		};
		83851CD5169D884200451E23 /* ShellScript */ = {
			isa = PBXShellScriptBuildPhase;
			buildActionMask = 2147483647;
			files = (
			);
			inputPaths = (
			);
			outputPaths = (
			);
			runOnlyForDeploymentPostprocessing = 0;
			shellPath = /bin/sh;
			shellScript = "# Run the unit tests in this test bundle.\n\"${SYSTEM_DEVELOPER_DIR}/Tools/RunUnitTests\"\n";
		};
/* End PBXShellScriptBuildPhase section */

/* Begin PBXSourcesBuildPhase section */
		83851CC2169D884200451E23 /* Sources */ = {
			isa = PBXSourcesBuildPhase;
			buildActionMask = 2147483647;
			files = (
				83DBE5E4171F901E00B283DC /* Dao.m in Sources */,
				83DBE5E5171F901E00B283DC /* BResponse.m in Sources */,
				83DBE5E6171F901E00B283DC /* TableCell.m in Sources */,
				83DBE5E7171F901E00B283DC /* TableView.m in Sources */,
				83DBE5E8171F901E00B283DC /* BCommon.m in Sources */,
				83DBE5E9171F901E00B283DC /* NSArray+x.m in Sources */,
				83DBE5EA171F901E00B283DC /* NSData+x.m in Sources */,
				83DBE5EB171F901E00B283DC /* NSDate+x.m in Sources */,
				83DBE5EC171F901E00B283DC /* NSDictionary+x.m in Sources */,
				83DBE5ED171F901E00B283DC /* NSMutableData+x.m in Sources */,
				83DBE5EE171F901E00B283DC /* NSNull+x.m in Sources */,
				83DBE5EF171F901E00B283DC /* NSString+x.m in Sources */,
				83DBE5F0171F901E00B283DC /* UIColor+x.m in Sources */,
				83DBE5F1171F901E00B283DC /* UIImage+x.m in Sources */,
				83DBE5F2171F901E00B283DC /* UIImageView+cache.m in Sources */,
				83DBE5F3171F901E00B283DC /* UINavigationBar+x.m in Sources */,
				83DBE5F4171F901E00B283DC /* UIWebView+x.m in Sources */,
				83DBE5F5171F901E00B283DC /* AppConf.m in Sources */,
				83DBE5F6171F901E00B283DC /* BApi.m in Sources */,
				83DBE5F7171F901E00B283DC /* Global.m in Sources */,
				83DBE5F8171F901E00B283DC /* GUI.m in Sources */,
				83DBE5F9171F901E00B283DC /* BQueue.m in Sources */,
				83DBE5FA171F901E00B283DC /* DBCache.m in Sources */,
				83DBE5FB171F901E00B283DC /* BEnumerator.m in Sources */,
				83DBE5FC171F901E00B283DC /* pinyin.c in Sources */,
				83DBE5FD171F901E00B283DC /* TabBarMoreViewController.m in Sources */,
				83DBE5FE171F901E00B283DC /* UIButton+x.m in Sources */,
				83DBE5FF171F901E00B283DC /* XScrollView.m in Sources */,
				83DBE600171F901E00B283DC /* XUIImageView.m in Sources */,
				83DBE601171F901E00B283DC /* XUILabel.m in Sources */,
				83DBE602171F901E00B283DC /* XUIViewController.m in Sources */,
				83DBE603171F901E00B283DC /* XUIWebView.m in Sources */,
				83DBE604171F901E00B283DC /* BCalloutMapAnnotationView.m in Sources */,
				83DBE605171F901E00B283DC /* BMapAnnotation.m in Sources */,
				83DBE606171F901E00B283DC /* BMapLocation.m in Sources */,
				83DBE607171F901E00B283DC /* CalloutMapAnnotationView.m in Sources */,
				83DBE608171F901E00B283DC /* MKMapView+x.m in Sources */,
				83DBE609171F901E00B283DC /* AsyncLoader.m in Sources */,
				83DBE60A171F901E00B283DC /* NetChecker.m in Sources */,
				83DBE60B171F901E00B283DC /* BDropMenu.m in Sources */,
				83DBE60C171F901E00B283DC /* BDropTitleView.m in Sources */,
				83DBE60D171F901E00B283DC /* BImageView.m in Sources */,
				83DBE60E171F901E00B283DC /* BIndicator.m in Sources */,
				83DBE60F171F901E00B283DC /* BLineView.m in Sources */,
				83DBE610171F901E00B283DC /* BPhotoScrollView.m in Sources */,
				83DBE611171F901E00B283DC /* BProgressBar.m in Sources */,
				83DBE612171F901E00B283DC /* BrowserController.m in Sources */,
				83DBE613171F901E00B283DC /* BTabBgView.m in Sources */,
				83DBE614171F901E00B283DC /* BToolBar.m in Sources */,
				83DBE615171F901E00B283DC /* HTabBarView.m in Sources */,
				83DBE616171F901E00B283DC /* VTabBarView.m in Sources */,
				83DBE617171F901E00B283DC /* XUIWebView.m in Sources */,
				83DBE618171F901E00B283DC /* UIUtils.m in Sources */,
				83DBE619171F901E00B283DC /* Utils.m in Sources */,
				83DBE61A171F901E00B283DC /* CacheURLProtocol.m in Sources */,
				83DBE61B171F901E00B283DC /* Base64.m in Sources */,
				83DBE61C171F901E00B283DC /* BHttpClient.m in Sources */,
				83DBE61D171F901E00B283DC /* BHttpRequestCache.m in Sources */,
				83DBE61E171F901E00B283DC /* BHttpRequestOperation.m in Sources */,
				83D7585E171F93ED006D33B6 /* BUser.m in Sources */,
				83647BE41794D50D00C9E331 /* BMapPlace.m in Sources */,
			);
			runOnlyForDeploymentPostprocessing = 0;
		};
		83851CD2169D884200451E23 /* Sources */ = {
			isa = PBXSourcesBuildPhase;
			buildActionMask = 2147483647;
			files = (
				83851CE8169D884300451E23 /* BCommonTests.m in Sources */,
			);
			runOnlyForDeploymentPostprocessing = 0;
		};
/* End PBXSourcesBuildPhase section */

/* Begin PBXTargetDependency section */
		83851CDE169D884200451E23 /* PBXTargetDependency */ = {
			isa = PBXTargetDependency;
			target = 83851CC5169D884200451E23 /* BCommon */;
			targetProxy = 83851CDD169D884200451E23 /* PBXContainerItemProxy */;
		};
/* End PBXTargetDependency section */

/* Begin PBXVariantGroup section */
		83851CE3169D884200451E23 /* InfoPlist.strings */ = {
			isa = PBXVariantGroup;
			children = (
				83851CE4169D884200451E23 /* en */,
			);
			name = InfoPlist.strings;
			sourceTree = "<group>";
		};
/* End PBXVariantGroup section */

/* Begin XCBuildConfiguration section */
		83851CE9169D884300451E23 /* Debug */ = {
			isa = XCBuildConfiguration;
			buildSettings = {
				ALWAYS_SEARCH_USER_PATHS = NO;
				CLANG_CXX_LANGUAGE_STANDARD = "gnu++0x";
				CLANG_CXX_LIBRARY = "libc++";
				CLANG_WARN_EMPTY_BODY = YES;
				CLANG_WARN__DUPLICATE_METHOD_MATCH = YES;
				COPY_PHASE_STRIP = NO;
				GCC_C_LANGUAGE_STANDARD = gnu99;
				GCC_DYNAMIC_NO_PIC = NO;
				GCC_OPTIMIZATION_LEVEL = 0;
				GCC_PREPROCESSOR_DEFINITIONS = (
					"DEBUG=1",
					"$(inherited)",
				);
				GCC_SYMBOLS_PRIVATE_EXTERN = NO;
				GCC_WARN_ABOUT_RETURN_TYPE = YES;
				GCC_WARN_UNINITIALIZED_AUTOS = YES;
				GCC_WARN_UNUSED_VARIABLE = YES;
				IPHONEOS_DEPLOYMENT_TARGET = 6.0;
				ONLY_ACTIVE_ARCH = YES;
				SDKROOT = iphoneos;
			};
			name = Debug;
		};
		83851CEA169D884300451E23 /* Release */ = {
			isa = XCBuildConfiguration;
			buildSettings = {
				ALWAYS_SEARCH_USER_PATHS = NO;
				CLANG_CXX_LANGUAGE_STANDARD = "gnu++0x";
				CLANG_CXX_LIBRARY = "libc++";
				CLANG_WARN_EMPTY_BODY = YES;
				CLANG_WARN__DUPLICATE_METHOD_MATCH = YES;
				COPY_PHASE_STRIP = YES;
				GCC_C_LANGUAGE_STANDARD = gnu99;
				GCC_WARN_ABOUT_RETURN_TYPE = YES;
				GCC_WARN_UNINITIALIZED_AUTOS = YES;
				GCC_WARN_UNUSED_VARIABLE = YES;
				IPHONEOS_DEPLOYMENT_TARGET = 6.0;
				SDKROOT = iphoneos;
				VALIDATE_PRODUCT = YES;
			};
			name = Release;
		};
		83851CEC169D884300451E23 /* Debug */ = {
			isa = XCBuildConfiguration;
			baseConfigurationReference = 4256CEAE34E94BCBB0C8F9C8 /* Pods.xcconfig */;
			buildSettings = {
				DSTROOT = /tmp/BCommon.dst;
				GCC_PRECOMPILE_PREFIX_HEADER = YES;
				GCC_PREFIX_HEADER = "BCommon/BCommon-Prefix.pch";
				OTHER_LDFLAGS = "-ObjC";
				PRODUCT_NAME = "$(TARGET_NAME)";
				SKIP_INSTALL = YES;
			};
			name = Debug;
		};
		83851CED169D884300451E23 /* Release */ = {
			isa = XCBuildConfiguration;
			baseConfigurationReference = 4256CEAE34E94BCBB0C8F9C8 /* Pods.xcconfig */;
			buildSettings = {
				DSTROOT = /tmp/BCommon.dst;
				GCC_PRECOMPILE_PREFIX_HEADER = YES;
				GCC_PREFIX_HEADER = "BCommon/BCommon-Prefix.pch";
				OTHER_LDFLAGS = "-ObjC";
				PRODUCT_NAME = "$(TARGET_NAME)";
				SKIP_INSTALL = YES;
			};
			name = Release;
		};
		83851CEF169D884300451E23 /* Debug */ = {
			isa = XCBuildConfiguration;
			buildSettings = {
				FRAMEWORK_SEARCH_PATHS = (
					"\"$(SDKROOT)/Developer/Library/Frameworks\"",
					"\"$(DEVELOPER_LIBRARY_DIR)/Frameworks\"",
				);
				GCC_PRECOMPILE_PREFIX_HEADER = YES;
				GCC_PREFIX_HEADER = "BCommon/BCommon-Prefix.pch";
				INFOPLIST_FILE = "BCommonTests/BCommonTests-Info.plist";
				PRODUCT_NAME = "$(TARGET_NAME)";
				WRAPPER_EXTENSION = octest;
			};
			name = Debug;
		};
		83851CF0169D884300451E23 /* Release */ = {
			isa = XCBuildConfiguration;
			buildSettings = {
				FRAMEWORK_SEARCH_PATHS = (
					"\"$(SDKROOT)/Developer/Library/Frameworks\"",
					"\"$(DEVELOPER_LIBRARY_DIR)/Frameworks\"",
				);
				GCC_PRECOMPILE_PREFIX_HEADER = YES;
				GCC_PREFIX_HEADER = "BCommon/BCommon-Prefix.pch";
				INFOPLIST_FILE = "BCommonTests/BCommonTests-Info.plist";
				PRODUCT_NAME = "$(TARGET_NAME)";
				WRAPPER_EXTENSION = octest;
			};
			name = Release;
		};
/* End XCBuildConfiguration section */

/* Begin XCConfigurationList section */
		83851CC0169D884200451E23 /* Build configuration list for PBXProject "BCommon" */ = {
			isa = XCConfigurationList;
			buildConfigurations = (
				83851CE9169D884300451E23 /* Debug */,
				83851CEA169D884300451E23 /* Release */,
			);
			defaultConfigurationIsVisible = 0;
			defaultConfigurationName = Release;
		};
		83851CEB169D884300451E23 /* Build configuration list for PBXNativeTarget "BCommon" */ = {
			isa = XCConfigurationList;
			buildConfigurations = (
				83851CEC169D884300451E23 /* Debug */,
				83851CED169D884300451E23 /* Release */,
			);
			defaultConfigurationIsVisible = 0;
			defaultConfigurationName = Release;
		};
		83851CEE169D884300451E23 /* Build configuration list for PBXNativeTarget "BCommonTests" */ = {
			isa = XCConfigurationList;
			buildConfigurations = (
				83851CEF169D884300451E23 /* Debug */,
				83851CF0169D884300451E23 /* Release */,
			);
			defaultConfigurationIsVisible = 0;
			defaultConfigurationName = Release;
		};
/* End XCConfigurationList section */
	};
	rootObject = 83851CBD169D884200451E23 /* Project object */;
}
